// !$*UTF8*$!
{
       archiveVersion = 1;
       classes = {
       };
       objectVersion = 46;
       objects = {

/* Begin PBXAggregateTarget section */
              892F0C4515654671AD2102C3 /* ALL_BUILD */ = {
                     isa = PBXAggregateTarget;
                     buildConfigurationList = 4068058B03C44D8591D441F7 /* Build configuration list for PBXAggregateTarget "ALL_BUILD" */;
                     buildPhases = (
                            AE986DC4BD204000A6ECB22D /* CMake Rules */,
                     );
                     dependencies = (
                            ABE4EDF3FA8149CB91661785 /* PBXTargetDependency */,
                            1080E154274B48409A375BB3 /* PBXTargetDependency */,
                     );
                     name = ALL_BUILD;
                     productName = ALL_BUILD;
              };
              B52D9D7FEDDC4282ACC55010 /* ZERO_CHECK */ = {
                     isa = PBXAggregateTarget;
                     buildConfigurationList = 2178A8E8F345477280F18CF2 /* Build configuration list for PBXAggregateTarget "ZERO_CHECK" */;
                     buildPhases = (
                            6CD8472BB8274965A0350BE0 /* CMake Rules */,
                     );
                     dependencies = (
                     );
                     name = ZERO_CHECK;
                     productName = ZERO_CHECK;
              };
              D515797C2B5B42BAB260A6A0 /* install */ = {
                     isa = PBXAggregateTarget;
                     buildConfigurationList = F8F0EC30A32F4F4FA5E7437D /* Build configuration list for PBXAggregateTarget "install" */;
                     buildPhases = (
                            9F500B27FB79429B9D45AEAC /* CMake PostBuild Rules */,
                     );
                     dependencies = (
                            DB5E594B20CC40968ED6A122 /* PBXTargetDependency */,
                     );
                     name = install;
                     productName = install;
              };
              96EFB495E1BF44488A5E13B6 /* package */ = {
                     isa = PBXAggregateTarget;
                     buildConfigurationList = 91437E1AD2144A538F339824 /* Build configuration list for PBXAggregateTarget "package" */;
                     buildPhases = (
                            94504AEE8C624B87B3F3F8F2 /* CMake PostBuild Rules */,
                     );
                     dependencies = (
                            DB5E594B20CC40968ED6A122 /* PBXTargetDependency */,
                     );
                     name = package;
                     productName = package;
              };
/* End PBXAggregateTarget section */

/* Begin PBXBuildFile section */
0F18FA74587845A7832ECBE5 /* /Users/security/osxminecraft/src/lua/src/lapi.c */ = {isa = PBXBuildFile; fileRef = A4F783942E0F4D4AAAD0C0E2 /* /Users/security/osxminecraft/src/lua/src/lapi.c */; settings = { COMPILER_FLAGS = ""; }; };
AD8F193442084D06A2AF8E92 /* /Users/security/osxminecraft/src/lua/src/lauxlib.c */ = {isa = PBXBuildFile; fileRef = A3D5F42F1FEB43C58B9DCC25 /* /Users/security/osxminecraft/src/lua/src/lauxlib.c */; settings = { COMPILER_FLAGS = ""; }; };
DD459D181C3E4E498B8DD8D8 /* /Users/security/osxminecraft/src/lua/src/lbaselib.c */ = {isa = PBXBuildFile; fileRef = 93A45CE07E5344C780DFEA04 /* /Users/security/osxminecraft/src/lua/src/lbaselib.c */; settings = { COMPILER_FLAGS = ""; }; };
B46AB5A013644481B8B084BE /* /Users/security/osxminecraft/src/lua/src/lcode.c */ = {isa = PBXBuildFile; fileRef = EB37DE5006EA47E8B1BDCC23 /* /Users/security/osxminecraft/src/lua/src/lcode.c */; settings = { COMPILER_FLAGS = ""; }; };
33E045BAC70C405EBB059683 /* /Users/security/osxminecraft/src/lua/src/ldblib.c */ = {isa = PBXBuildFile; fileRef = D6B774F9ABFD429E9257A310 /* /Users/security/osxminecraft/src/lua/src/ldblib.c */; settings = { COMPILER_FLAGS = ""; }; };
CBB185BF3663487BA9CD00FC /* /Users/security/osxminecraft/src/lua/src/ldebug.c */ = {isa = PBXBuildFile; fileRef = 18E1312538254869BEB7AF1E /* /Users/security/osxminecraft/src/lua/src/ldebug.c */; settings = { COMPILER_FLAGS = ""; }; };
C28C38A5BD4B46788C085603 /* /Users/security/osxminecraft/src/lua/src/ldo.c */ = {isa = PBXBuildFile; fileRef = 3F658A9AE1FD45F88FD86585 /* /Users/security/osxminecraft/src/lua/src/ldo.c */; settings = { COMPILER_FLAGS = ""; }; };
AABBA27420784589B5959867 /* /Users/security/osxminecraft/src/lua/src/ldump.c */ = {isa = PBXBuildFile; fileRef = 22D5E8AA103346B9A9C32393 /* /Users/security/osxminecraft/src/lua/src/ldump.c */; settings = { COMPILER_FLAGS = ""; }; };
D6CB55A6F1F0402DAC4FB8FF /* /Users/security/osxminecraft/src/lua/src/lfunc.c */ = {isa = PBXBuildFile; fileRef = D525015E0C3A4A5D83908157 /* /Users/security/osxminecraft/src/lua/src/lfunc.c */; settings = { COMPILER_FLAGS = ""; }; };
2F886663E9064363915F99CC /* /Users/security/osxminecraft/src/lua/src/lgc.c */ = {isa = PBXBuildFile; fileRef = 239B69492346498897D7DC41 /* /Users/security/osxminecraft/src/lua/src/lgc.c */; settings = { COMPILER_FLAGS = ""; }; };
E6F56C5F503649138330D425 /* /Users/security/osxminecraft/src/lua/src/linit.c */ = {isa = PBXBuildFile; fileRef = 7814B25C38F54FB2B49BE523 /* /Users/security/osxminecraft/src/lua/src/linit.c */; settings = { COMPILER_FLAGS = ""; }; };
B577D5FE53464777984C7713 /* /Users/security/osxminecraft/src/lua/src/liolib.c */ = {isa = PBXBuildFile; fileRef = 49CBC1E93FC34957A51F1D48 /* /Users/security/osxminecraft/src/lua/src/liolib.c */; settings = { COMPILER_FLAGS = ""; }; };
41F2446825CE4B67860A4149 /* /Users/security/osxminecraft/src/lua/src/llex.c */ = {isa = PBXBuildFile; fileRef = 11A4737B63684BBA940674F4 /* /Users/security/osxminecraft/src/lua/src/llex.c */; settings = { COMPILER_FLAGS = ""; }; };
0BB49F07008748829D72B440 /* /Users/security/osxminecraft/src/lua/src/lmathlib.c */ = {isa = PBXBuildFile; fileRef = C7852CC186014C0AA1909EE9 /* /Users/security/osxminecraft/src/lua/src/lmathlib.c */; settings = { COMPILER_FLAGS = ""; }; };
68A7823E45B24454B0CBB6AE /* /Users/security/osxminecraft/src/lua/src/lmem.c */ = {isa = PBXBuildFile; fileRef = 97543C59AA1B430CB24A39EA /* /Users/security/osxminecraft/src/lua/src/lmem.c */; settings = { COMPILER_FLAGS = ""; }; };
DBA721D57A4F473483D4E86F /* /Users/security/osxminecraft/src/lua/src/loadlib.c */ = {isa = PBXBuildFile; fileRef = 4ECB0152C52045F88BA71473 /* /Users/security/osxminecraft/src/lua/src/loadlib.c */; settings = { COMPILER_FLAGS = ""; }; };
CE6DBC042B9D4EB78F4B458D /* /Users/security/osxminecraft/src/lua/src/lobject.c */ = {isa = PBXBuildFile; fileRef = C74A3A56122649C9AEAE46A7 /* /Users/security/osxminecraft/src/lua/src/lobject.c */; settings = { COMPILER_FLAGS = ""; }; };
F6DD4193508144D7A32C68CA /* /Users/security/osxminecraft/src/lua/src/lopcodes.c */ = {isa = PBXBuildFile; fileRef = 90FFAF4702964EA8B5686269 /* /Users/security/osxminecraft/src/lua/src/lopcodes.c */; settings = { COMPILER_FLAGS = ""; }; };
E2CC6F46B5984F1DB2960479 /* /Users/security/osxminecraft/src/lua/src/loslib.c */ = {isa = PBXBuildFile; fileRef = CC3CE31E3BDE4569944E25A2 /* /Users/security/osxminecraft/src/lua/src/loslib.c */; settings = { COMPILER_FLAGS = ""; }; };
C02181CF159A4BFE8C0F3066 /* /Users/security/osxminecraft/src/lua/src/lparser.c */ = {isa = PBXBuildFile; fileRef = B6C94DF792D347568C47A2B0 /* /Users/security/osxminecraft/src/lua/src/lparser.c */; settings = { COMPILER_FLAGS = ""; }; };
4C15871D08314F2E8C4B16AB /* /Users/security/osxminecraft/src/lua/src/lstate.c */ = {isa = PBXBuildFile; fileRef = 4D8A71610C934DD29E695E7C /* /Users/security/osxminecraft/src/lua/src/lstate.c */; settings = { COMPILER_FLAGS = ""; }; };
35681DA40AF044C4961EF377 /* /Users/security/osxminecraft/src/lua/src/lstring.c */ = {isa = PBXBuildFile; fileRef = 299966F6E08C4E8891254755 /* /Users/security/osxminecraft/src/lua/src/lstring.c */; settings = { COMPILER_FLAGS = ""; }; };
33885D53782740959020233F /* /Users/security/osxminecraft/src/lua/src/lstrlib.c */ = {isa = PBXBuildFile; fileRef = 70F4AA837D044147B0DFFFBD /* /Users/security/osxminecraft/src/lua/src/lstrlib.c */; settings = { COMPILER_FLAGS = ""; }; };
1616E4E283DA47558773A148 /* /Users/security/osxminecraft/src/lua/src/ltable.c */ = {isa = PBXBuildFile; fileRef = 3D18BF0029834A3DBB30177A /* /Users/security/osxminecraft/src/lua/src/ltable.c */; settings = { COMPILER_FLAGS = ""; }; };
90E3463FCCD44BDC9F241E45 /* /Users/security/osxminecraft/src/lua/src/ltablib.c */ = {isa = PBXBuildFile; fileRef = 3E40F5751C544AE6AFCE198B /* /Users/security/osxminecraft/src/lua/src/ltablib.c */; settings = { COMPILER_FLAGS = ""; }; };
80A7148EC41A4FE9A8144F76 /* /Users/security/osxminecraft/src/lua/src/ltm.c */ = {isa = PBXBuildFile; fileRef = BCDBDF96386444F8B42E2878 /* /Users/security/osxminecraft/src/lua/src/ltm.c */; settings = { COMPILER_FLAGS = ""; }; };
627BE1E9625944B9B43C65C8 /* /Users/security/osxminecraft/src/lua/src/lundump.c */ = {isa = PBXBuildFile; fileRef = AFCA3F3C2F3D406C9BC94D4E /* /Users/security/osxminecraft/src/lua/src/lundump.c */; settings = { COMPILER_FLAGS = ""; }; };
E48597A503FB47EE824FFE7B /* /Users/security/osxminecraft/src/lua/src/lvm.c */ = {isa = PBXBuildFile; fileRef = 4AB6A15524614E8CA4CBAF68 /* /Users/security/osxminecraft/src/lua/src/lvm.c */; settings = { COMPILER_FLAGS = ""; }; };
9C91BFA30FA44107A7F8F19D /* /Users/security/osxminecraft/src/lua/src/lzio.c */ = {isa = PBXBuildFile; fileRef = D19717DB3BB54ACFB92BC179 /* /Users/security/osxminecraft/src/lua/src/lzio.c */; settings = { COMPILER_FLAGS = ""; }; };
E50AD691E68A43F5BE0B3430 /* /Users/security/osxminecraft/src/lua/src/CMakeLists.txt */ = {isa = PBXBuildFile; fileRef = 92563971FB294B55BC4F766B /* /Users/security/osxminecraft/src/lua/src/CMakeLists.txt */; settings = { COMPILER_FLAGS = ""; }; };
/* End PBXBuildFile section */

/* Begin PBXBuildStyle section */
              A640116CE3684B18B31C2238 /*  */ = {
                     isa = PBXBuildStyle;
              };
              2121F652659D40FC9DF93EC8 /* Debug */ = {
                     isa = PBXBuildStyle;
                     buildSettings = {
                            COPY_PHASE_STRIP = NO;
                     };
                     name = Debug;
              };
              1740D2BEA65D44929F53837F /* Release */ = {
                     isa = PBXBuildStyle;
                     buildSettings = {
                            COPY_PHASE_STRIP = NO;
                     };
                     name = Release;
              };
              17B6EC7A63374A8AB06B914C /* MinSizeRel */ = {
                     isa = PBXBuildStyle;
                     buildSettings = {
                            COPY_PHASE_STRIP = NO;
                     };
                     name = MinSizeRel;
              };
              51F95EF7240D42599978C288 /* RelWithDebInfo */ = {
                     isa = PBXBuildStyle;
                     buildSettings = {
                            COPY_PHASE_STRIP = NO;
                     };
                     name = RelWithDebInfo;
              };
/* End PBXBuildStyle section */

/* Begin PBXContainerItemProxy section */
              748E65EDCF6E42309B4B0F58 /* PBXContainerItemProxy */ = {
                     isa = PBXContainerItemProxy;
                     containerPortal = DECFC88BA1704AA6B525CB07 /* Project object */;
                     proxyType = 1;
                     remoteGlobalIDString = B52D9D7FEDDC4282ACC55010;
                     remoteInfo = ZERO_CHECK;
              };
              DE72058B7D204411921C98E6 /* PBXContainerItemProxy */ = {
                     isa = PBXContainerItemProxy;
                     containerPortal = DECFC88BA1704AA6B525CB07 /* Project object */;
                     proxyType = 1;
                     remoteGlobalIDString = AA5884B2337C4E76B53EEA7D;
                     remoteInfo = lua;
              };
              58279C21204949B0A0125B11 /* PBXContainerItemProxy */ = {
                     isa = PBXContainerItemProxy;
                     containerPortal = DECFC88BA1704AA6B525CB07 /* Project object */;
                     proxyType = 1;
                     remoteGlobalIDString = 892F0C4515654671AD2102C3;
                     remoteInfo = ALL_BUILD;
              };
/* End PBXContainerItemProxy section */

/* Begin PBXFileReference section */
8D902E2FAA0B4F449CF9F45D /* /Users/security/osxminecraft/src/lua/CMakeLists.txt */ = {isa = PBXFileReference; fileEncoding = 4; lastKnownFileType = "sourcecode.text"; name = "CMakeLists.txt"; path = "CMakeLists.txt"; sourceTree = SOURCE_ROOT; };
A4F783942E0F4D4AAAD0C0E2 /* /Users/security/osxminecraft/src/lua/src/lapi.c */ = {isa = PBXFileReference; fileEncoding = 4; lastKnownFileType = "sourcecode.c.c"; name = "lapi.c"; path = "src/lapi.c"; sourceTree = SOURCE_ROOT; };
A3D5F42F1FEB43C58B9DCC25 /* /Users/security/osxminecraft/src/lua/src/lauxlib.c */ = {isa = PBXFileReference; fileEncoding = 4; lastKnownFileType = "sourcecode.c.c"; name = "lauxlib.c"; path = "src/lauxlib.c"; sourceTree = SOURCE_ROOT; };
93A45CE07E5344C780DFEA04 /* /Users/security/osxminecraft/src/lua/src/lbaselib.c */ = {isa = PBXFileReference; fileEncoding = 4; lastKnownFileType = "sourcecode.c.c"; name = "lbaselib.c"; path = "src/lbaselib.c"; sourceTree = SOURCE_ROOT; };
EB37DE5006EA47E8B1BDCC23 /* /Users/security/osxminecraft/src/lua/src/lcode.c */ = {isa = PBXFileReference; fileEncoding = 4; lastKnownFileType = "sourcecode.c.c"; name = "lcode.c"; path = "src/lcode.c"; sourceTree = SOURCE_ROOT; };
D6B774F9ABFD429E9257A310 /* /Users/security/osxminecraft/src/lua/src/ldblib.c */ = {isa = PBXFileReference; fileEncoding = 4; lastKnownFileType = "sourcecode.c.c"; name = "ldblib.c"; path = "src/ldblib.c"; sourceTree = SOURCE_ROOT; };
18E1312538254869BEB7AF1E /* /Users/security/osxminecraft/src/lua/src/ldebug.c */ = {isa = PBXFileReference; fileEncoding = 4; lastKnownFileType = "sourcecode.c.c"; name = "ldebug.c"; path = "src/ldebug.c"; sourceTree = SOURCE_ROOT; };
3F658A9AE1FD45F88FD86585 /* /Users/security/osxminecraft/src/lua/src/ldo.c */ = {isa = PBXFileReference; fileEncoding = 4; lastKnownFileType = "sourcecode.c.c"; name = "ldo.c"; path = "src/ldo.c"; sourceTree = SOURCE_ROOT; };
22D5E8AA103346B9A9C32393 /* /Users/security/osxminecraft/src/lua/src/ldump.c */ = {isa = PBXFileReference; fileEncoding = 4; lastKnownFileType = "sourcecode.c.c"; name = "ldump.c"; path = "src/ldump.c"; sourceTree = SOURCE_ROOT; };
D525015E0C3A4A5D83908157 /* /Users/security/osxminecraft/src/lua/src/lfunc.c */ = {isa = PBXFileReference; fileEncoding = 4; lastKnownFileType = "sourcecode.c.c"; name = "lfunc.c"; path = "src/lfunc.c"; sourceTree = SOURCE_ROOT; };
239B69492346498897D7DC41 /* /Users/security/osxminecraft/src/lua/src/lgc.c */ = {isa = PBXFileReference; fileEncoding = 4; lastKnownFileType = "sourcecode.c.c"; name = "lgc.c"; path = "src/lgc.c"; sourceTree = SOURCE_ROOT; };
7814B25C38F54FB2B49BE523 /* /Users/security/osxminecraft/src/lua/src/linit.c */ = {isa = PBXFileReference; fileEncoding = 4; lastKnownFileType = "sourcecode.c.c"; name = "linit.c"; path = "src/linit.c"; sourceTree = SOURCE_ROOT; };
49CBC1E93FC34957A51F1D48 /* /Users/security/osxminecraft/src/lua/src/liolib.c */ = {isa = PBXFileReference; fileEncoding = 4; lastKnownFileType = "sourcecode.c.c"; name = "liolib.c"; path = "src/liolib.c"; sourceTree = SOURCE_ROOT; };
11A4737B63684BBA940674F4 /* /Users/security/osxminecraft/src/lua/src/llex.c */ = {isa = PBXFileReference; fileEncoding = 4; lastKnownFileType = "sourcecode.c.c"; name = "llex.c"; path = "src/llex.c"; sourceTree = SOURCE_ROOT; };
C7852CC186014C0AA1909EE9 /* /Users/security/osxminecraft/src/lua/src/lmathlib.c */ = {isa = PBXFileReference; fileEncoding = 4; lastKnownFileType = "sourcecode.c.c"; name = "lmathlib.c"; path = "src/lmathlib.c"; sourceTree = SOURCE_ROOT; };
97543C59AA1B430CB24A39EA /* /Users/security/osxminecraft/src/lua/src/lmem.c */ = {isa = PBXFileReference; fileEncoding = 4; lastKnownFileType = "sourcecode.c.c"; name = "lmem.c"; path = "src/lmem.c"; sourceTree = SOURCE_ROOT; };
4ECB0152C52045F88BA71473 /* /Users/security/osxminecraft/src/lua/src/loadlib.c */ = {isa = PBXFileReference; fileEncoding = 4; lastKnownFileType = "sourcecode.c.c"; name = "loadlib.c"; path = "src/loadlib.c"; sourceTree = SOURCE_ROOT; };
C74A3A56122649C9AEAE46A7 /* /Users/security/osxminecraft/src/lua/src/lobject.c */ = {isa = PBXFileReference; fileEncoding = 4; lastKnownFileType = "sourcecode.c.c"; name = "lobject.c"; path = "src/lobject.c"; sourceTree = SOURCE_ROOT; };
90FFAF4702964EA8B5686269 /* /Users/security/osxminecraft/src/lua/src/lopcodes.c */ = {isa = PBXFileReference; fileEncoding = 4; lastKnownFileType = "sourcecode.c.c"; name = "lopcodes.c"; path = "src/lopcodes.c"; sourceTree = SOURCE_ROOT; };
CC3CE31E3BDE4569944E25A2 /* /Users/security/osxminecraft/src/lua/src/loslib.c */ = {isa = PBXFileReference; fileEncoding = 4; lastKnownFileType = "sourcecode.c.c"; name = "loslib.c"; path = "src/loslib.c"; sourceTree = SOURCE_ROOT; };
B6C94DF792D347568C47A2B0 /* /Users/security/osxminecraft/src/lua/src/lparser.c */ = {isa = PBXFileReference; fileEncoding = 4; lastKnownFileType = "sourcecode.c.c"; name = "lparser.c"; path = "src/lparser.c"; sourceTree = SOURCE_ROOT; };
4D8A71610C934DD29E695E7C /* /Users/security/osxminecraft/src/lua/src/lstate.c */ = {isa = PBXFileReference; fileEncoding = 4; lastKnownFileType = "sourcecode.c.c"; name = "lstate.c"; path = "src/lstate.c"; sourceTree = SOURCE_ROOT; };
299966F6E08C4E8891254755 /* /Users/security/osxminecraft/src/lua/src/lstring.c */ = {isa = PBXFileReference; fileEncoding = 4; lastKnownFileType = "sourcecode.c.c"; name = "lstring.c"; path = "src/lstring.c"; sourceTree = SOURCE_ROOT; };
70F4AA837D044147B0DFFFBD /* /Users/security/osxminecraft/src/lua/src/lstrlib.c */ = {isa = PBXFileReference; fileEncoding = 4; lastKnownFileType = "sourcecode.c.c"; name = "lstrlib.c"; path = "src/lstrlib.c"; sourceTree = SOURCE_ROOT; };
3D18BF0029834A3DBB30177A /* /Users/security/osxminecraft/src/lua/src/ltable.c */ = {isa = PBXFileReference; fileEncoding = 4; lastKnownFileType = "sourcecode.c.c"; name = "ltable.c"; path = "src/ltable.c"; sourceTree = SOURCE_ROOT; };
3E40F5751C544AE6AFCE198B /* /Users/security/osxminecraft/src/lua/src/ltablib.c */ = {isa = PBXFileReference; fileEncoding = 4; lastKnownFileType = "sourcecode.c.c"; name = "ltablib.c"; path = "src/ltablib.c"; sourceTree = SOURCE_ROOT; };
BCDBDF96386444F8B42E2878 /* /Users/security/osxminecraft/src/lua/src/ltm.c */ = {isa = PBXFileReference; fileEncoding = 4; lastKnownFileType = "sourcecode.c.c"; name = "ltm.c"; path = "src/ltm.c"; sourceTree = SOURCE_ROOT; };
AFCA3F3C2F3D406C9BC94D4E /* /Users/security/osxminecraft/src/lua/src/lundump.c */ = {isa = PBXFileReference; fileEncoding = 4; lastKnownFileType = "sourcecode.c.c"; name = "lundump.c"; path = "src/lundump.c"; sourceTree = SOURCE_ROOT; };
4AB6A15524614E8CA4CBAF68 /* /Users/security/osxminecraft/src/lua/src/lvm.c */ = {isa = PBXFileReference; fileEncoding = 4; lastKnownFileType = "sourcecode.c.c"; name = "lvm.c"; path = "src/lvm.c"; sourceTree = SOURCE_ROOT; };
D19717DB3BB54ACFB92BC179 /* /Users/security/osxminecraft/src/lua/src/lzio.c */ = {isa = PBXFileReference; fileEncoding = 4; lastKnownFileType = "sourcecode.c.c"; name = "lzio.c"; path = "src/lzio.c"; sourceTree = SOURCE_ROOT; };
92563971FB294B55BC4F766B /* /Users/security/osxminecraft/src/lua/src/CMakeLists.txt */ = {isa = PBXFileReference; fileEncoding = 4; lastKnownFileType = "sourcecode.text"; name = "CMakeLists.txt"; path = "src/CMakeLists.txt"; sourceTree = SOURCE_ROOT; };
5019BFDA51034071B0D364BA /* lua */ = {isa = PBXFileReference; explicitFileType = "archive.ar"; path = "liblua.a"; refType = 0; sourceTree = BUILT_PRODUCTS_DIR; };
/* End PBXFileReference section */

/* Begin PBXGroup section */
              000576F1CDF54924B6C4E0EB  = {
                     isa = PBXGroup;
                     children = (
                            68F32D823D1640BF915F8439 /* Sources */,
                            FBBE962B89654425A91C4C1D /* Resources */,
                            4E4AFBB9DCF346A3A84FA3A7 /* Products */,
                     );
                     sourceTree = "<group>";
              };
              68F32D823D1640BF915F8439 /* Sources */ = {
                     isa = PBXGroup;
                     children = (
                            6E00B86C608E4093AFAFF9F2 /* ALL_BUILD */,
                            B4F3A9D145884C02A8C8BCB1 /* ZERO_CHECK */,
                            6BC461D1C0E244DCAAD5FD0C /* lua */,
                     );
                     name = Sources;
                     sourceTree = "<group>";
              };
              FBBE962B89654425A91C4C1D /* Resources */ = {
                     isa = PBXGroup;
                     children = (
                     );
                     name = Resources;
                     sourceTree = "<group>";
              };
              6E00B86C608E4093AFAFF9F2 /* ALL_BUILD */ = {
                     isa = PBXGroup;
                     children = (
                            0F33EEFBC29C4319B70A77EE /* CMake Rules */,
                            8D902E2FAA0B4F449CF9F45D /* /Users/security/osxminecraft/src/lua/CMakeLists.txt */,
                     );
                     name = ALL_BUILD;
                     sourceTree = "<group>";
              };
              0F33EEFBC29C4319B70A77EE /* CMake Rules */ = {
                     isa = PBXGroup;
                     children = (
                     );
                     name = "CMake Rules";
                     sourceTree = "<group>";
              };
              B4F3A9D145884C02A8C8BCB1 /* ZERO_CHECK */ = {
                     isa = PBXGroup;
                     children = (
                            6EE9E53612CC409E9917F7E5 /* CMake Rules */,
                            8D902E2FAA0B4F449CF9F45D /* /Users/security/osxminecraft/src/lua/CMakeLists.txt */,
                     );
                     name = ZERO_CHECK;
                     sourceTree = "<group>";
              };
              6EE9E53612CC409E9917F7E5 /* CMake Rules */ = {
                     isa = PBXGroup;
                     children = (
                     );
                     name = "CMake Rules";
                     sourceTree = "<group>";
              };
              6BC461D1C0E244DCAAD5FD0C /* lua */ = {
                     isa = PBXGroup;
                     children = (
                            AFFE3204E43146C2B2C52736 /* Source Files */,
                            92563971FB294B55BC4F766B /* /Users/security/osxminecraft/src/lua/src/CMakeLists.txt */,
                     );
                     name = lua;
                     sourceTree = "<group>";
              };
              AFFE3204E43146C2B2C52736 /* Source Files */ = {
                     isa = PBXGroup;
                     children = (
                            A4F783942E0F4D4AAAD0C0E2 /* /Users/security/osxminecraft/src/lua/src/lapi.c */,
                            A3D5F42F1FEB43C58B9DCC25 /* /Users/security/osxminecraft/src/lua/src/lauxlib.c */,
                            93A45CE07E5344C780DFEA04 /* /Users/security/osxminecraft/src/lua/src/lbaselib.c */,
                            EB37DE5006EA47E8B1BDCC23 /* /Users/security/osxminecraft/src/lua/src/lcode.c */,
                            D6B774F9ABFD429E9257A310 /* /Users/security/osxminecraft/src/lua/src/ldblib.c */,
                            18E1312538254869BEB7AF1E /* /Users/security/osxminecraft/src/lua/src/ldebug.c */,
                            3F658A9AE1FD45F88FD86585 /* /Users/security/osxminecraft/src/lua/src/ldo.c */,
                            22D5E8AA103346B9A9C32393 /* /Users/security/osxminecraft/src/lua/src/ldump.c */,
                            D525015E0C3A4A5D83908157 /* /Users/security/osxminecraft/src/lua/src/lfunc.c */,
                            239B69492346498897D7DC41 /* /Users/security/osxminecraft/src/lua/src/lgc.c */,
                            7814B25C38F54FB2B49BE523 /* /Users/security/osxminecraft/src/lua/src/linit.c */,
                            49CBC1E93FC34957A51F1D48 /* /Users/security/osxminecraft/src/lua/src/liolib.c */,
                            11A4737B63684BBA940674F4 /* /Users/security/osxminecraft/src/lua/src/llex.c */,
                            C7852CC186014C0AA1909EE9 /* /Users/security/osxminecraft/src/lua/src/lmathlib.c */,
                            97543C59AA1B430CB24A39EA /* /Users/security/osxminecraft/src/lua/src/lmem.c */,
                            4ECB0152C52045F88BA71473 /* /Users/security/osxminecraft/src/lua/src/loadlib.c */,
                            C74A3A56122649C9AEAE46A7 /* /Users/security/osxminecraft/src/lua/src/lobject.c */,
                            90FFAF4702964EA8B5686269 /* /Users/security/osxminecraft/src/lua/src/lopcodes.c */,
                            CC3CE31E3BDE4569944E25A2 /* /Users/security/osxminecraft/src/lua/src/loslib.c */,
                            B6C94DF792D347568C47A2B0 /* /Users/security/osxminecraft/src/lua/src/lparser.c */,
                            4D8A71610C934DD29E695E7C /* /Users/security/osxminecraft/src/lua/src/lstate.c */,
                            299966F6E08C4E8891254755 /* /Users/security/osxminecraft/src/lua/src/lstring.c */,
                            70F4AA837D044147B0DFFFBD /* /Users/security/osxminecraft/src/lua/src/lstrlib.c */,
                            3D18BF0029834A3DBB30177A /* /Users/security/osxminecraft/src/lua/src/ltable.c */,
                            3E40F5751C544AE6AFCE198B /* /Users/security/osxminecraft/src/lua/src/ltablib.c */,
                            BCDBDF96386444F8B42E2878 /* /Users/security/osxminecraft/src/lua/src/ltm.c */,
                            AFCA3F3C2F3D406C9BC94D4E /* /Users/security/osxminecraft/src/lua/src/lundump.c */,
                            4AB6A15524614E8CA4CBAF68 /* /Users/security/osxminecraft/src/lua/src/lvm.c */,
                            D19717DB3BB54ACFB92BC179 /* /Users/security/osxminecraft/src/lua/src/lzio.c */,
                     );
                     name = "Source Files";
                     sourceTree = "<group>";
              };
              4E4AFBB9DCF346A3A84FA3A7 /* Products */ = {
                     isa = PBXGroup;
                     children = (
                            5019BFDA51034071B0D364BA /* lua */,
                     );
                     name = Products;
                     sourceTree = "<group>";
              };
/* End PBXGroup section */

/* Begin PBXNativeTarget section */
              AA5884B2337C4E76B53EEA7D /* lua */ = {
                     isa = PBXNativeTarget;
                     buildConfigurationList = D83FBC62BC9B4B1F959C5A07 /* Build configuration list for PBXNativeTarget "lua" */;
                     buildPhases = (
                            3BBAF765C0D340908F58FC42 /* Sources */,
                            B3DC47DF92994064B32C8569 /* CMake PostBuild Rules */,
                     );
                     buildRules = (
                     );
                     dependencies = (
                     );
                     name = lua;
                     productName = lua;
                     productReference = 5019BFDA51034071B0D364BA /* lua */;
                     productType = "com.apple.product-type.library.static";
              };
/* End PBXNativeTarget section */

/* Begin PBXProject section */
              DECFC88BA1704AA6B525CB07 /* Project object */ = {
                     isa = PBXProject;
                     attributes = {
                            BuildIndependentTargetsInParallel = YES;
                     };
                     buildConfigurationList = 39016BFEFC4F48E7ABCD0E98 /* Build configuration list for PBXProject  "lua" */;
                     buildSettings = {
                     };
                     buildStyles = (
                            2121F652659D40FC9DF93EC8 /* Debug */,
                            1740D2BEA65D44929F53837F /* Release */,
                            17B6EC7A63374A8AB06B914C /* MinSizeRel */,
                            51F95EF7240D42599978C288 /* RelWithDebInfo */,
                     );
                     compatibilityVersion = "Xcode 3.2";
                     hasScannedForEncodings = 0;
                     mainGroup = 000576F1CDF54924B6C4E0EB;
                     projectDirPath = ".";
                     projectRoot = "";
                     targets = (
                            892F0C4515654671AD2102C3 /* ALL_BUILD */,
                            B52D9D7FEDDC4282ACC55010 /* ZERO_CHECK */,
                            D515797C2B5B42BAB260A6A0 /* install */,
                            96EFB495E1BF44488A5E13B6 /* package */,
                            AA5884B2337C4E76B53EEA7D /* lua */,
                     );
              };
/* End PBXProject section */

/* Begin PBXShellScriptBuildPhase section */
              1D037FEEBF4243E5AF18A47C /*  */ = {
                     isa = PBXShellScriptBuildPhase;
                     buildActionMask = 2147483647;
                     files = (
                     );
                     inputPaths = (
                     );
                     outputPaths = (
                     );
                     runOnlyForDeploymentPostprocessing = 0;
                     shellPath = /bin/sh;
                     shellScript = "# shell script goes here
exit 0";
                     showEnvVarsInLog = 0;
              };
              AE986DC4BD204000A6ECB22D /* CMake Rules */ = {
                     isa = PBXShellScriptBuildPhase;
                     buildActionMask = 2147483647;
                     files = (
                     );
                     name = "CMake Rules";
                     runOnlyForDeploymentPostprocessing = 0;
                     shellPath = /bin/sh;
                     shellScript = "make -C /Users/security/osxminecraft/src/lua -f /Users/security/osxminecraft/src/lua/CMakeScripts/ALL_BUILD_cmakeRulesBuildPhase.make$CONFIGURATION all";
                     showEnvVarsInLog = 0;
              };
              601D38C5AC414729B48D8C45 /*  */ = {
                     isa = PBXShellScriptBuildPhase;
                     buildActionMask = 2147483647;
                     files = (
                     );
                     inputPaths = (
                     );
                     outputPaths = (
                     );
                     runOnlyForDeploymentPostprocessing = 0;
                     shellPath = /bin/sh;
                     shellScript = "# shell script goes here
exit 0";
                     showEnvVarsInLog = 0;
              };
              6CD8472BB8274965A0350BE0 /* CMake Rules */ = {
                     isa = PBXShellScriptBuildPhase;
                     buildActionMask = 2147483647;
                     files = (
                     );
                     name = "CMake Rules";
                     runOnlyForDeploymentPostprocessing = 0;
                     shellPath = /bin/sh;
                     shellScript = "make -C /Users/security/osxminecraft/src/lua -f /Users/security/osxminecraft/src/lua/CMakeScripts/ZERO_CHECK_cmakeRulesBuildPhase.make$CONFIGURATION all";
                     showEnvVarsInLog = 0;
              };
              9A723EDD75B544C7915EE860 /*  */ = {
                     isa = PBXShellScriptBuildPhase;
                     buildActionMask = 2147483647;
                     files = (
                     );
                     inputPaths = (
                     );
                     outputPaths = (
                     );
                     runOnlyForDeploymentPostprocessing = 0;
                     shellPath = /bin/sh;
                     shellScript = "# shell script goes here
exit 0";
                     showEnvVarsInLog = 0;
              };
              9F500B27FB79429B9D45AEAC /* CMake PostBuild Rules */ = {
                     isa = PBXShellScriptBuildPhase;
                     buildActionMask = 2147483647;
                     files = (
                     );
                     name = "CMake PostBuild Rules";
                     runOnlyForDeploymentPostprocessing = 0;
                     shellPath = /bin/sh;
                     shellScript = "make -C /Users/security/osxminecraft/src/lua -f /Users/security/osxminecraft/src/lua/CMakeScripts/install_postBuildPhase.make$CONFIGURATION all";
                     showEnvVarsInLog = 0;
              };
              6D3D5DBB9416488BAB79F9A3 /*  */ = {
                     isa = PBXShellScriptBuildPhase;
                     buildActionMask = 2147483647;
                     files = (
                     );
                     inputPaths = (
                     );
                     outputPaths = (
                     );
                     runOnlyForDeploymentPostprocessing = 0;
                     shellPath = /bin/sh;
                     shellScript = "# shell script goes here
exit 0";
                     showEnvVarsInLog = 0;
              };
              94504AEE8C624B87B3F3F8F2 /* CMake PostBuild Rules */ = {
                     isa = PBXShellScriptBuildPhase;
                     buildActionMask = 2147483647;
                     files = (
                     );
                     name = "CMake PostBuild Rules";
                     runOnlyForDeploymentPostprocessing = 0;
                     shellPath = /bin/sh;
                     shellScript = "make -C /Users/security/osxminecraft/src/lua -f /Users/security/osxminecraft/src/lua/CMakeScripts/package_postBuildPhase.make$CONFIGURATION all";
                     showEnvVarsInLog = 0;
              };
              B3DC47DF92994064B32C8569 /* CMake PostBuild Rules */ = {
                     isa = PBXShellScriptBuildPhase;
                     buildActionMask = 2147483647;
                     files = (
                     );
                     name = "CMake PostBuild Rules";
                     runOnlyForDeploymentPostprocessing = 0;
                     shellPath = /bin/sh;
                     shellScript = "make -C /Users/security/osxminecraft/src/lua/build -f /Users/security/osxminecraft/src/lua/build/CMakeScripts/lua_postBuildPhase.make$CONFIGURATION all";
                     showEnvVarsInLog = 0;
              };
/* End PBXShellScriptBuildPhase section */

/* Begin PBXSourcesBuildPhase section */
              3BBAF765C0D340908F58FC42 /* Sources */ = {
                     isa = PBXSourcesBuildPhase;
                     buildActionMask = 2147483647;
                     files = (
                            0F18FA74587845A7832ECBE5 /* /Users/security/osxminecraft/src/lua/src/lapi.c */,
                            AD8F193442084D06A2AF8E92 /* /Users/security/osxminecraft/src/lua/src/lauxlib.c */,
                            DD459D181C3E4E498B8DD8D8 /* /Users/security/osxminecraft/src/lua/src/lbaselib.c */,
                            B46AB5A013644481B8B084BE /* /Users/security/osxminecraft/src/lua/src/lcode.c */,
                            33E045BAC70C405EBB059683 /* /Users/security/osxminecraft/src/lua/src/ldblib.c */,
                            CBB185BF3663487BA9CD00FC /* /Users/security/osxminecraft/src/lua/src/ldebug.c */,
                            C28C38A5BD4B46788C085603 /* /Users/security/osxminecraft/src/lua/src/ldo.c */,
                            AABBA27420784589B5959867 /* /Users/security/osxminecraft/src/lua/src/ldump.c */,
                            D6CB55A6F1F0402DAC4FB8FF /* /Users/security/osxminecraft/src/lua/src/lfunc.c */,
                            2F886663E9064363915F99CC /* /Users/security/osxminecraft/src/lua/src/lgc.c */,
                            E6F56C5F503649138330D425 /* /Users/security/osxminecraft/src/lua/src/linit.c */,
                            B577D5FE53464777984C7713 /* /Users/security/osxminecraft/src/lua/src/liolib.c */,
                            41F2446825CE4B67860A4149 /* /Users/security/osxminecraft/src/lua/src/llex.c */,
                            0BB49F07008748829D72B440 /* /Users/security/osxminecraft/src/lua/src/lmathlib.c */,
                            68A7823E45B24454B0CBB6AE /* /Users/security/osxminecraft/src/lua/src/lmem.c */,
                            DBA721D57A4F473483D4E86F /* /Users/security/osxminecraft/src/lua/src/loadlib.c */,
                            CE6DBC042B9D4EB78F4B458D /* /Users/security/osxminecraft/src/lua/src/lobject.c */,
                            F6DD4193508144D7A32C68CA /* /Users/security/osxminecraft/src/lua/src/lopcodes.c */,
                            E2CC6F46B5984F1DB2960479 /* /Users/security/osxminecraft/src/lua/src/loslib.c */,
                            C02181CF159A4BFE8C0F3066 /* /Users/security/osxminecraft/src/lua/src/lparser.c */,
                            4C15871D08314F2E8C4B16AB /* /Users/security/osxminecraft/src/lua/src/lstate.c */,
                            35681DA40AF044C4961EF377 /* /Users/security/osxminecraft/src/lua/src/lstring.c */,
                            33885D53782740959020233F /* /Users/security/osxminecraft/src/lua/src/lstrlib.c */,
                            1616E4E283DA47558773A148 /* /Users/security/osxminecraft/src/lua/src/ltable.c */,
                            90E3463FCCD44BDC9F241E45 /* /Users/security/osxminecraft/src/lua/src/ltablib.c */,
                            80A7148EC41A4FE9A8144F76 /* /Users/security/osxminecraft/src/lua/src/ltm.c */,
                            627BE1E9625944B9B43C65C8 /* /Users/security/osxminecraft/src/lua/src/lundump.c */,
                            E48597A503FB47EE824FFE7B /* /Users/security/osxminecraft/src/lua/src/lvm.c */,
                            9C91BFA30FA44107A7F8F19D /* /Users/security/osxminecraft/src/lua/src/lzio.c */,
                     );
                     runOnlyForDeploymentPostprocessing = 0;
              };
/* End PBXSourcesBuildPhase section */

/* Begin PBXTargetDependency section */
              ABE4EDF3FA8149CB91661785 /* PBXTargetDependency */ = {
                     isa = PBXTargetDependency;
                     target = B52D9D7FEDDC4282ACC55010 /* ZERO_CHECK */;
                     targetProxy = 748E65EDCF6E42309B4B0F58 /* PBXContainerItemProxy */;
              };
              1080E154274B48409A375BB3 /* PBXTargetDependency */ = {
                     isa = PBXTargetDependency;
                     target = AA5884B2337C4E76B53EEA7D /* lua */;
                     targetProxy = DE72058B7D204411921C98E6 /* PBXContainerItemProxy */;
              };
              DB5E594B20CC40968ED6A122 /* PBXTargetDependency */ = {
                     isa = PBXTargetDependency;
                     target = 892F0C4515654671AD2102C3 /* ALL_BUILD */;
                     targetProxy = 58279C21204949B0A0125B11 /* PBXContainerItemProxy */;
              };
/* End PBXTargetDependency section */

/* Begin XCBuildConfiguration section */
              0DC6FD754BC04985B5E00C92 /* Debug */ = {
                     isa = XCBuildConfiguration;
                     buildSettings = {
                            ARCHS = i386;
                            SDKROOT = "/Developer/SDKs/MacOSX10.6.sdk";
                            SYMROOT = /Users/security/osxminecraft/src/lua/build;
                     };
                     name = Debug;
              };
              8F3B00B13E244635ADD46475 /* Release */ = {
                     isa = XCBuildConfiguration;
                     buildSettings = {
                            ARCHS = i386;
                            SDKROOT = "/Developer/SDKs/MacOSX10.6.sdk";
                            SYMROOT = /Users/security/osxminecraft/src/lua/build;
                     };
                     name = Release;
              };
              5E14FCA36367424BB18360B7 /* MinSizeRel */ = {
                     isa = XCBuildConfiguration;
                     buildSettings = {
                            ARCHS = i386;
                            SDKROOT = "/Developer/SDKs/MacOSX10.6.sdk";
                            SYMROOT = /Users/security/osxminecraft/src/lua/build;
                     };
                     name = MinSizeRel;
              };
              12C03A6B5B354BAF81AFDC49 /* RelWithDebInfo */ = {
                     isa = XCBuildConfiguration;
                     buildSettings = {
                            ARCHS = i386;
                            SDKROOT = "/Developer/SDKs/MacOSX10.6.sdk";
                            SYMROOT = /Users/security/osxminecraft/src/lua/build;
                     };
                     name = RelWithDebInfo;
              };
              575A197188174816B72D2851 /* Debug */ = {
                     isa = XCBuildConfiguration;
                     buildSettings = {
                            ARCHS = i386;
                            GCC_GENERATE_DEBUGGING_SYMBOLS = NO;
                            GCC_INLINES_ARE_PRIVATE_EXTERN = NO;
                            GCC_OPTIMIZATION_LEVEL = 0;
                            GCC_PREPROCESSOR_DEFINITIONS = ("'CMAKE_INTDIR=\"$(CONFIGURATION)$(EFFECTIVE_PLATFORM_NAME)\"'", USE_CMAKE_CONFIG_H, );
                            GCC_SYMBOLS_PRIVATE_EXTERN = NO;
                            INSTALL_PATH = "";
                            ONLY_ACTIVE_ARCH = NO;
                            OTHER_CFLAGS = "  ";
                            OTHER_LDFLAGS = "";
                            OTHER_REZFLAGS = "";
                            PREBINDING = NO;
                            PRODUCT_NAME = ALL_BUILD;
                            SECTORDER_FLAGS = "";
                            SYMROOT = /Users/security/osxminecraft/src/lua;
                            USE_HEADERMAP = NO;
                            WARNING_CFLAGS = ("-Wmost", "-Wno-four-char-constants", "-Wno-unknown-pragmas", );
                     };
                     name = Debug;
              };
              12A79D8ADF854284B646F839 /* Release */ = {
                     isa = XCBuildConfiguration;
                     buildSettings = {
                            ARCHS = i386;
                            GCC_GENERATE_DEBUGGING_SYMBOLS = NO;
                            GCC_INLINES_ARE_PRIVATE_EXTERN = NO;
                            GCC_OPTIMIZATION_LEVEL = 0;
                            GCC_PREPROCESSOR_DEFINITIONS = ("'CMAKE_INTDIR=\"$(CONFIGURATION)$(EFFECTIVE_PLATFORM_NAME)\"'", USE_CMAKE_CONFIG_H, );
                            GCC_SYMBOLS_PRIVATE_EXTERN = NO;
                            INSTALL_PATH = "";
                            ONLY_ACTIVE_ARCH = NO;
                            OTHER_CFLAGS = "  ";
                            OTHER_LDFLAGS = "";
                            OTHER_REZFLAGS = "";
                            PREBINDING = NO;
                            PRODUCT_NAME = ALL_BUILD;
                            SECTORDER_FLAGS = "";
                            SYMROOT = /Users/security/osxminecraft/src/lua;
                            USE_HEADERMAP = NO;
                            WARNING_CFLAGS = ("-Wmost", "-Wno-four-char-constants", "-Wno-unknown-pragmas", );
                     };
                     name = Release;
              };
              A93ADD0D3E87409FB39F2526 /* MinSizeRel */ = {
                     isa = XCBuildConfiguration;
                     buildSettings = {
                            ARCHS = i386;
                            GCC_GENERATE_DEBUGGING_SYMBOLS = NO;
                            GCC_INLINES_ARE_PRIVATE_EXTERN = NO;
                            GCC_OPTIMIZATION_LEVEL = 0;
                            GCC_PREPROCESSOR_DEFINITIONS = ("'CMAKE_INTDIR=\"$(CONFIGURATION)$(EFFECTIVE_PLATFORM_NAME)\"'", USE_CMAKE_CONFIG_H, );
                            GCC_SYMBOLS_PRIVATE_EXTERN = NO;
                            INSTALL_PATH = "";
                            ONLY_ACTIVE_ARCH = NO;
                            OTHER_CFLAGS = "  ";
                            OTHER_LDFLAGS = "";
                            OTHER_REZFLAGS = "";
                            PREBINDING = NO;
                            PRODUCT_NAME = ALL_BUILD;
                            SECTORDER_FLAGS = "";
                            SYMROOT = /Users/security/osxminecraft/src/lua;
                            USE_HEADERMAP = NO;
                            WARNING_CFLAGS = ("-Wmost", "-Wno-four-char-constants", "-Wno-unknown-pragmas", );
                     };
                     name = MinSizeRel;
              };
              338C76E4F1654D3385E2D147 /* RelWithDebInfo */ = {
                     isa = XCBuildConfiguration;
                     buildSettings = {
                            ARCHS = i386;
                            GCC_GENERATE_DEBUGGING_SYMBOLS = NO;
                            GCC_INLINES_ARE_PRIVATE_EXTERN = NO;
                            GCC_OPTIMIZATION_LEVEL = 0;
                            GCC_PREPROCESSOR_DEFINITIONS = ("'CMAKE_INTDIR=\"$(CONFIGURATION)$(EFFECTIVE_PLATFORM_NAME)\"'", USE_CMAKE_CONFIG_H, );
                            GCC_SYMBOLS_PRIVATE_EXTERN = NO;
                            INSTALL_PATH = "";
                            ONLY_ACTIVE_ARCH = NO;
                            OTHER_CFLAGS = "  ";
                            OTHER_LDFLAGS = "";
                            OTHER_REZFLAGS = "";
                            PREBINDING = NO;
                            PRODUCT_NAME = ALL_BUILD;
                            SECTORDER_FLAGS = "";
                            SYMROOT = /Users/security/osxminecraft/src/lua;
                            USE_HEADERMAP = NO;
                            WARNING_CFLAGS = ("-Wmost", "-Wno-four-char-constants", "-Wno-unknown-pragmas", );
                     };
                     name = RelWithDebInfo;
              };
              0D37B22FABD24EEAA9E18D79 /* Debug */ = {
                     isa = XCBuildConfiguration;
                     buildSettings = {
                            ARCHS = i386;
                            GCC_GENERATE_DEBUGGING_SYMBOLS = NO;
                            GCC_INLINES_ARE_PRIVATE_EXTERN = NO;
                            GCC_OPTIMIZATION_LEVEL = 0;
                            GCC_PREPROCESSOR_DEFINITIONS = ("'CMAKE_INTDIR=\"$(CONFIGURATION)$(EFFECTIVE_PLATFORM_NAME)\"'", USE_CMAKE_CONFIG_H, );
                            GCC_SYMBOLS_PRIVATE_EXTERN = NO;
                            INSTALL_PATH = "";
                            ONLY_ACTIVE_ARCH = NO;
                            OTHER_CFLAGS = "  ";
                            OTHER_LDFLAGS = "";
                            OTHER_REZFLAGS = "";
                            PREBINDING = NO;
                            PRODUCT_NAME = ZERO_CHECK;
                            SECTORDER_FLAGS = "";
                            SYMROOT = /Users/security/osxminecraft/src/lua;
                            USE_HEADERMAP = NO;
                            WARNING_CFLAGS = ("-Wmost", "-Wno-four-char-constants", "-Wno-unknown-pragmas", );
                     };
                     name = Debug;
              };
              EC27D79B227E43E9BDB59794 /* Release */ = {
                     isa = XCBuildConfiguration;
                     buildSettings = {
                            ARCHS = i386;
                            GCC_GENERATE_DEBUGGING_SYMBOLS = NO;
                            GCC_INLINES_ARE_PRIVATE_EXTERN = NO;
                            GCC_OPTIMIZATION_LEVEL = 0;
                            GCC_PREPROCESSOR_DEFINITIONS = ("'CMAKE_INTDIR=\"$(CONFIGURATION)$(EFFECTIVE_PLATFORM_NAME)\"'", USE_CMAKE_CONFIG_H, );
                            GCC_SYMBOLS_PRIVATE_EXTERN = NO;
                            INSTALL_PATH = "";
                            ONLY_ACTIVE_ARCH = NO;
                            OTHER_CFLAGS = "  ";
                            OTHER_LDFLAGS = "";
                            OTHER_REZFLAGS = "";
                            PREBINDING = NO;
                            PRODUCT_NAME = ZERO_CHECK;
                            SECTORDER_FLAGS = "";
                            SYMROOT = /Users/security/osxminecraft/src/lua;
                            USE_HEADERMAP = NO;
                            WARNING_CFLAGS = ("-Wmost", "-Wno-four-char-constants", "-Wno-unknown-pragmas", );
                     };
                     name = Release;
              };
              EDB05D109DDE40FC9321BF51 /* MinSizeRel */ = {
                     isa = XCBuildConfiguration;
                     buildSettings = {
                            ARCHS = i386;
                            GCC_GENERATE_DEBUGGING_SYMBOLS = NO;
                            GCC_INLINES_ARE_PRIVATE_EXTERN = NO;
                            GCC_OPTIMIZATION_LEVEL = 0;
                            GCC_PREPROCESSOR_DEFINITIONS = ("'CMAKE_INTDIR=\"$(CONFIGURATION)$(EFFECTIVE_PLATFORM_NAME)\"'", USE_CMAKE_CONFIG_H, );
                            GCC_SYMBOLS_PRIVATE_EXTERN = NO;
                            INSTALL_PATH = "";
                            ONLY_ACTIVE_ARCH = NO;
                            OTHER_CFLAGS = "  ";
                            OTHER_LDFLAGS = "";
                            OTHER_REZFLAGS = "";
                            PREBINDING = NO;
                            PRODUCT_NAME = ZERO_CHECK;
                            SECTORDER_FLAGS = "";
                            SYMROOT = /Users/security/osxminecraft/src/lua;
                            USE_HEADERMAP = NO;
                            WARNING_CFLAGS = ("-Wmost", "-Wno-four-char-constants", "-Wno-unknown-pragmas", );
                     };
                     name = MinSizeRel;
              };
              74E9A59E6AEA4521835B85CC /* RelWithDebInfo */ = {
                     isa = XCBuildConfiguration;
                     buildSettings = {
                            ARCHS = i386;
                            GCC_GENERATE_DEBUGGING_SYMBOLS = NO;
                            GCC_INLINES_ARE_PRIVATE_EXTERN = NO;
                            GCC_OPTIMIZATION_LEVEL = 0;
                            GCC_PREPROCESSOR_DEFINITIONS = ("'CMAKE_INTDIR=\"$(CONFIGURATION)$(EFFECTIVE_PLATFORM_NAME)\"'", USE_CMAKE_CONFIG_H, );
                            GCC_SYMBOLS_PRIVATE_EXTERN = NO;
                            INSTALL_PATH = "";
                            ONLY_ACTIVE_ARCH = NO;
                            OTHER_CFLAGS = "  ";
                            OTHER_LDFLAGS = "";
                            OTHER_REZFLAGS = "";
                            PREBINDING = NO;
                            PRODUCT_NAME = ZERO_CHECK;
                            SECTORDER_FLAGS = "";
                            SYMROOT = /Users/security/osxminecraft/src/lua;
                            USE_HEADERMAP = NO;
                            WARNING_CFLAGS = ("-Wmost", "-Wno-four-char-constants", "-Wno-unknown-pragmas", );
                     };
                     name = RelWithDebInfo;
              };
              9F2018945CAD4947936DAB68 /* Debug */ = {
                     isa = XCBuildConfiguration;
                     buildSettings = {
                            ARCHS = i386;
                            GCC_GENERATE_DEBUGGING_SYMBOLS = NO;
                            GCC_INLINES_ARE_PRIVATE_EXTERN = NO;
                            GCC_OPTIMIZATION_LEVEL = 0;
                            GCC_PREPROCESSOR_DEFINITIONS = ("'CMAKE_INTDIR=\"$(CONFIGURATION)$(EFFECTIVE_PLATFORM_NAME)\"'", USE_CMAKE_CONFIG_H, );
                            GCC_SYMBOLS_PRIVATE_EXTERN = NO;
                            INSTALL_PATH = "";
                            ONLY_ACTIVE_ARCH = NO;
                            OTHER_CFLAGS = "  ";
                            OTHER_LDFLAGS = "";
                            OTHER_REZFLAGS = "";
                            PREBINDING = NO;
                            PRODUCT_NAME = install;
                            SECTORDER_FLAGS = "";
                            SYMROOT = /Users/security/osxminecraft/src/lua;
                            USE_HEADERMAP = NO;
                            WARNING_CFLAGS = ("-Wmost", "-Wno-four-char-constants", "-Wno-unknown-pragmas", );
                     };
                     name = Debug;
              };
              FC455DC257ED4B91BCEFA040 /* Release */ = {
                     isa = XCBuildConfiguration;
                     buildSettings = {
                            ARCHS = i386;
                            GCC_GENERATE_DEBUGGING_SYMBOLS = NO;
                            GCC_INLINES_ARE_PRIVATE_EXTERN = NO;
                            GCC_OPTIMIZATION_LEVEL = 0;
                            GCC_PREPROCESSOR_DEFINITIONS = ("'CMAKE_INTDIR=\"$(CONFIGURATION)$(EFFECTIVE_PLATFORM_NAME)\"'", USE_CMAKE_CONFIG_H, );
                            GCC_SYMBOLS_PRIVATE_EXTERN = NO;
                            INSTALL_PATH = "";
                            ONLY_ACTIVE_ARCH = NO;
                            OTHER_CFLAGS = "  ";
                            OTHER_LDFLAGS = "";
                            OTHER_REZFLAGS = "";
                            PREBINDING = NO;
                            PRODUCT_NAME = install;
                            SECTORDER_FLAGS = "";
                            SYMROOT = /Users/security/osxminecraft/src/lua;
                            USE_HEADERMAP = NO;
                            WARNING_CFLAGS = ("-Wmost", "-Wno-four-char-constants", "-Wno-unknown-pragmas", );
                     };
                     name = Release;
              };
              EA6A1E17E0A347EBA307001D /* MinSizeRel */ = {
                     isa = XCBuildConfiguration;
                     buildSettings = {
                            ARCHS = i386;
                            GCC_GENERATE_DEBUGGING_SYMBOLS = NO;
                            GCC_INLINES_ARE_PRIVATE_EXTERN = NO;
                            GCC_OPTIMIZATION_LEVEL = 0;
                            GCC_PREPROCESSOR_DEFINITIONS = ("'CMAKE_INTDIR=\"$(CONFIGURATION)$(EFFECTIVE_PLATFORM_NAME)\"'", USE_CMAKE_CONFIG_H, );
                            GCC_SYMBOLS_PRIVATE_EXTERN = NO;
                            INSTALL_PATH = "";
                            ONLY_ACTIVE_ARCH = NO;
                            OTHER_CFLAGS = "  ";
                            OTHER_LDFLAGS = "";
                            OTHER_REZFLAGS = "";
                            PREBINDING = NO;
                            PRODUCT_NAME = install;
                            SECTORDER_FLAGS = "";
                            SYMROOT = /Users/security/osxminecraft/src/lua;
                            USE_HEADERMAP = NO;
                            WARNING_CFLAGS = ("-Wmost", "-Wno-four-char-constants", "-Wno-unknown-pragmas", );
                     };
                     name = MinSizeRel;
              };
              9211A6BC55624B75920D9E2A /* RelWithDebInfo */ = {
                     isa = XCBuildConfiguration;
                     buildSettings = {
                            ARCHS = i386;
                            GCC_GENERATE_DEBUGGING_SYMBOLS = NO;
                            GCC_INLINES_ARE_PRIVATE_EXTERN = NO;
                            GCC_OPTIMIZATION_LEVEL = 0;
                            GCC_PREPROCESSOR_DEFINITIONS = ("'CMAKE_INTDIR=\"$(CONFIGURATION)$(EFFECTIVE_PLATFORM_NAME)\"'", USE_CMAKE_CONFIG_H, );
                            GCC_SYMBOLS_PRIVATE_EXTERN = NO;
                            INSTALL_PATH = "";
                            ONLY_ACTIVE_ARCH = NO;
                            OTHER_CFLAGS = "  ";
                            OTHER_LDFLAGS = "";
                            OTHER_REZFLAGS = "";
                            PREBINDING = NO;
                            PRODUCT_NAME = install;
                            SECTORDER_FLAGS = "";
                            SYMROOT = /Users/security/osxminecraft/src/lua;
                            USE_HEADERMAP = NO;
                            WARNING_CFLAGS = ("-Wmost", "-Wno-four-char-constants", "-Wno-unknown-pragmas", );
                     };
                     name = RelWithDebInfo;
              };
              B1BA7BA21E0F45928A406A2D /* Debug */ = {
                     isa = XCBuildConfiguration;
                     buildSettings = {
                            ARCHS = i386;
                            GCC_GENERATE_DEBUGGING_SYMBOLS = NO;
                            GCC_INLINES_ARE_PRIVATE_EXTERN = NO;
                            GCC_OPTIMIZATION_LEVEL = 0;
                            GCC_PREPROCESSOR_DEFINITIONS = ("'CMAKE_INTDIR=\"$(CONFIGURATION)$(EFFECTIVE_PLATFORM_NAME)\"'", USE_CMAKE_CONFIG_H, );
                            GCC_SYMBOLS_PRIVATE_EXTERN = NO;
                            INSTALL_PATH = "";
                            ONLY_ACTIVE_ARCH = NO;
                            OTHER_CFLAGS = "  ";
                            OTHER_LDFLAGS = "";
                            OTHER_REZFLAGS = "";
                            PREBINDING = NO;
                            PRODUCT_NAME = package;
                            SECTORDER_FLAGS = "";
                            SYMROOT = /Users/security/osxminecraft/src/lua;
                            USE_HEADERMAP = NO;
                            WARNING_CFLAGS = ("-Wmost", "-Wno-four-char-constants", "-Wno-unknown-pragmas", );
                     };
                     name = Debug;
              };
              2767CD7FCB4B46B08F103A55 /* Release */ = {
                     isa = XCBuildConfiguration;
                     buildSettings = {
                            ARCHS = i386;
                            GCC_GENERATE_DEBUGGING_SYMBOLS = NO;
                            GCC_INLINES_ARE_PRIVATE_EXTERN = NO;
                            GCC_OPTIMIZATION_LEVEL = 0;
                            GCC_PREPROCESSOR_DEFINITIONS = ("'CMAKE_INTDIR=\"$(CONFIGURATION)$(EFFECTIVE_PLATFORM_NAME)\"'", USE_CMAKE_CONFIG_H, );
                            GCC_SYMBOLS_PRIVATE_EXTERN = NO;
                            INSTALL_PATH = "";
                            ONLY_ACTIVE_ARCH = NO;
                            OTHER_CFLAGS = "  ";
                            OTHER_LDFLAGS = "";
                            OTHER_REZFLAGS = "";
                            PREBINDING = NO;
                            PRODUCT_NAME = package;
                            SECTORDER_FLAGS = "";
                            SYMROOT = /Users/security/osxminecraft/src/lua;
                            USE_HEADERMAP = NO;
                            WARNING_CFLAGS = ("-Wmost", "-Wno-four-char-constants", "-Wno-unknown-pragmas", );
                     };
                     name = Release;
              };
              A8532CB06184485098EC2B81 /* MinSizeRel */ = {
                     isa = XCBuildConfiguration;
                     buildSettings = {
                            ARCHS = i386;
                            GCC_GENERATE_DEBUGGING_SYMBOLS = NO;
                            GCC_INLINES_ARE_PRIVATE_EXTERN = NO;
                            GCC_OPTIMIZATION_LEVEL = 0;
                            GCC_PREPROCESSOR_DEFINITIONS = ("'CMAKE_INTDIR=\"$(CONFIGURATION)$(EFFECTIVE_PLATFORM_NAME)\"'", USE_CMAKE_CONFIG_H, );
                            GCC_SYMBOLS_PRIVATE_EXTERN = NO;
                            INSTALL_PATH = "";
                            ONLY_ACTIVE_ARCH = NO;
                            OTHER_CFLAGS = "  ";
                            OTHER_LDFLAGS = "";
                            OTHER_REZFLAGS = "";
                            PREBINDING = NO;
                            PRODUCT_NAME = package;
                            SECTORDER_FLAGS = "";
                            SYMROOT = /Users/security/osxminecraft/src/lua;
                            USE_HEADERMAP = NO;
                            WARNING_CFLAGS = ("-Wmost", "-Wno-four-char-constants", "-Wno-unknown-pragmas", );
                     };
                     name = MinSizeRel;
              };
              99CC34D0626641BBB7EB471F /* RelWithDebInfo */ = {
                     isa = XCBuildConfiguration;
                     buildSettings = {
                            ARCHS = i386;
                            GCC_GENERATE_DEBUGGING_SYMBOLS = NO;
                            GCC_INLINES_ARE_PRIVATE_EXTERN = NO;
                            GCC_OPTIMIZATION_LEVEL = 0;
                            GCC_PREPROCESSOR_DEFINITIONS = ("'CMAKE_INTDIR=\"$(CONFIGURATION)$(EFFECTIVE_PLATFORM_NAME)\"'", USE_CMAKE_CONFIG_H, );
                            GCC_SYMBOLS_PRIVATE_EXTERN = NO;
                            INSTALL_PATH = "";
                            ONLY_ACTIVE_ARCH = NO;
                            OTHER_CFLAGS = "  ";
                            OTHER_LDFLAGS = "";
                            OTHER_REZFLAGS = "";
                            PREBINDING = NO;
                            PRODUCT_NAME = package;
                            SECTORDER_FLAGS = "";
                            SYMROOT = /Users/security/osxminecraft/src/lua;
                            USE_HEADERMAP = NO;
                            WARNING_CFLAGS = ("-Wmost", "-Wno-four-char-constants", "-Wno-unknown-pragmas", );
                     };
                     name = RelWithDebInfo;
              };
              C6B20D86AB0249C2AC860163 /* Debug */ = {
                     isa = XCBuildConfiguration;
                     buildSettings = {
                            ARCHS = i386;
                            EXECUTABLE_PREFIX = lib;
                            EXECUTABLE_SUFFIX = ".a";
                            GCC_GENERATE_DEBUGGING_SYMBOLS = YES;
                            GCC_INLINES_ARE_PRIVATE_EXTERN = NO;
                            GCC_OPTIMIZATION_LEVEL = 0;
                            GCC_PREPROCESSOR_DEFINITIONS = ("'CMAKE_INTDIR=\"$(CONFIGURATION)$(EFFECTIVE_PLATFORM_NAME)\"'", USE_CMAKE_CONFIG_H, );
                            GCC_SYMBOLS_PRIVATE_EXTERN = NO;
                            HEADER_SEARCH_PATHS = (/Users/security/osxminecraft/src/lua/src, /Users/security/osxminecraft/src/lua/build, );
                            INSTALL_PATH = "";
                            LIBRARY_STYLE = STATIC;
                            ONLY_ACTIVE_ARCH = NO;
                            OTHER_CFLAGS = "  -DLUA_USE_DLOPEN -pipe -Wall -Wextra -Wshadow -W -pedantic -std=gnu99                  ";
                            OTHER_LDFLAGS = "";
                            OTHER_REZFLAGS = "";
                            PREBINDING = NO;
                            PRODUCT_NAME = lua;
                            SECTORDER_FLAGS = "";
                            SYMROOT = /Users/security/osxminecraft/src/lua/build;
                            USE_HEADERMAP = NO;
                            WARNING_CFLAGS = ("-Wmost", "-Wno-four-char-constants", "-Wno-unknown-pragmas", );
                     };
                     name = Debug;
              };
              B800FF12FE334B91817A93CF /* Release */ = {
                     isa = XCBuildConfiguration;
                     buildSettings = {
                            ARCHS = i386;
                            EXECUTABLE_PREFIX = lib;
                            EXECUTABLE_SUFFIX = ".a";
                            GCC_GENERATE_DEBUGGING_SYMBOLS = NO;
                            GCC_INLINES_ARE_PRIVATE_EXTERN = NO;
                            GCC_OPTIMIZATION_LEVEL = 2;
                            GCC_PREPROCESSOR_DEFINITIONS = ("'CMAKE_INTDIR=\"$(CONFIGURATION)$(EFFECTIVE_PLATFORM_NAME)\"'", USE_CMAKE_CONFIG_H, );
                            GCC_SYMBOLS_PRIVATE_EXTERN = NO;
                            HEADER_SEARCH_PATHS = (/Users/security/osxminecraft/src/lua/src, /Users/security/osxminecraft/src/lua/build, );
                            INSTALL_PATH = "";
                            LIBRARY_STYLE = STATIC;
                            ONLY_ACTIVE_ARCH = NO;
                            OTHER_CFLAGS = "  -DLUA_USE_DLOPEN -pipe -Wall -Wextra -Wshadow -W -pedantic -std=gnu99     -DNDEBUG          ";
                            OTHER_LDFLAGS = "";
                            OTHER_REZFLAGS = "";
                            PREBINDING = NO;
                            PRODUCT_NAME = lua;
                            SECTORDER_FLAGS = "";
                            SYMROOT = /Users/security/osxminecraft/src/lua/build;
                            USE_HEADERMAP = NO;
                            WARNING_CFLAGS = ("-Wmost", "-Wno-four-char-constants", "-Wno-unknown-pragmas", );
                     };
                     name = Release;
              };
              C8E4AC434949428E990032DB /* MinSizeRel */ = {
                     isa = XCBuildConfiguration;
                     buildSettings = {
                            ARCHS = i386;
                            EXECUTABLE_PREFIX = lib;
                            EXECUTABLE_SUFFIX = ".a";
                            GCC_GENERATE_DEBUGGING_SYMBOLS = NO;
                            GCC_INLINES_ARE_PRIVATE_EXTERN = NO;
                            GCC_OPTIMIZATION_LEVEL = s;
                            GCC_PREPROCESSOR_DEFINITIONS = ("'CMAKE_INTDIR=\"$(CONFIGURATION)$(EFFECTIVE_PLATFORM_NAME)\"'", USE_CMAKE_CONFIG_H, );
                            GCC_SYMBOLS_PRIVATE_EXTERN = NO;
                            HEADER_SEARCH_PATHS = (/Users/security/osxminecraft/src/lua/src, /Users/security/osxminecraft/src/lua/build, );
                            INSTALL_PATH = "";
                            LIBRARY_STYLE = STATIC;
                            ONLY_ACTIVE_ARCH = NO;
                            OTHER_CFLAGS = "  -DLUA_USE_DLOPEN -pipe -Wall -Wextra -Wshadow -W -pedantic -std=gnu99     -DNDEBUG  ";
                            OTHER_LDFLAGS = "";
                            OTHER_REZFLAGS = "";
                            PREBINDING = NO;
                            PRODUCT_NAME = lua;
                            SECTORDER_FLAGS = "";
                            SYMROOT = /Users/security/osxminecraft/src/lua/build;
                            USE_HEADERMAP = NO;
                            WARNING_CFLAGS = ("-Wmost", "-Wno-four-char-constants", "-Wno-unknown-pragmas", );
                     };
                     name = MinSizeRel;
              };
              FA44A173F59A4505AF839762 /* RelWithDebInfo */ = {
                     isa = XCBuildConfiguration;
                     buildSettings = {
                            ARCHS = i386;
                            EXECUTABLE_PREFIX = lib;
                            EXECUTABLE_SUFFIX = ".a";
                            GCC_GENERATE_DEBUGGING_SYMBOLS = YES;
                            GCC_INLINES_ARE_PRIVATE_EXTERN = NO;
                            GCC_OPTIMIZATION_LEVEL = 2;
                            GCC_PREPROCESSOR_DEFINITIONS = ("'CMAKE_INTDIR=\"$(CONFIGURATION)$(EFFECTIVE_PLATFORM_NAME)\"'", USE_CMAKE_CONFIG_H, );
                            GCC_SYMBOLS_PRIVATE_EXTERN = NO;
                            HEADER_SEARCH_PATHS = (/Users/security/osxminecraft/src/lua/src, /Users/security/osxminecraft/src/lua/build, );
                            INSTALL_PATH = "";
                            LIBRARY_STYLE = STATIC;
                            ONLY_ACTIVE_ARCH = NO;
                            OTHER_CFLAGS = "  -DLUA_USE_DLOPEN -pipe -Wall -Wextra -Wshadow -W -pedantic -std=gnu99          ";
                            OTHER_LDFLAGS = "";
                            OTHER_REZFLAGS = "";
                            PREBINDING = NO;
                            PRODUCT_NAME = lua;
                            SECTORDER_FLAGS = "";
                            SYMROOT = /Users/security/osxminecraft/src/lua/build;
                            USE_HEADERMAP = NO;
                            WARNING_CFLAGS = ("-Wmost", "-Wno-four-char-constants", "-Wno-unknown-pragmas", );
                     };
                     name = RelWithDebInfo;
              };
/* End XCBuildConfiguration section */

/* Begin XCConfigurationList section */
              39016BFEFC4F48E7ABCD0E98 /* Build configuration list for PBXProject  "lua" */ = {
                     isa = XCConfigurationList;
                     buildConfigurations = (
                            0DC6FD754BC04985B5E00C92 /* Debug */,
                            8F3B00B13E244635ADD46475 /* Release */,
                            5E14FCA36367424BB18360B7 /* MinSizeRel */,
                            12C03A6B5B354BAF81AFDC49 /* RelWithDebInfo */,
                     );
                     defaultConfigurationIsVisible = 0;
                     defaultConfigurationName = Debug;
              };
              4068058B03C44D8591D441F7 /* Build configuration list for PBXAggregateTarget "ALL_BUILD" */ = {
                     isa = XCConfigurationList;
                     buildConfigurations = (
                            575A197188174816B72D2851 /* Debug */,
                            12A79D8ADF854284B646F839 /* Release */,
                            A93ADD0D3E87409FB39F2526 /* MinSizeRel */,
                            338C76E4F1654D3385E2D147 /* RelWithDebInfo */,
                     );
                     defaultConfigurationIsVisible = 0;
                     defaultConfigurationName = Debug;
              };
              2178A8E8F345477280F18CF2 /* Build configuration list for PBXAggregateTarget "ZERO_CHECK" */ = {
                     isa = XCConfigurationList;
                     buildConfigurations = (
                            0D37B22FABD24EEAA9E18D79 /* Debug */,
                            EC27D79B227E43E9BDB59794 /* Release */,
                            EDB05D109DDE40FC9321BF51 /* MinSizeRel */,
                            74E9A59E6AEA4521835B85CC /* RelWithDebInfo */,
                     );
                     defaultConfigurationIsVisible = 0;
                     defaultConfigurationName = Debug;
              };
              F8F0EC30A32F4F4FA5E7437D /* Build configuration list for PBXAggregateTarget "install" */ = {
                     isa = XCConfigurationList;
                     buildConfigurations = (
                            9F2018945CAD4947936DAB68 /* Debug */,
                            FC455DC257ED4B91BCEFA040 /* Release */,
                            EA6A1E17E0A347EBA307001D /* MinSizeRel */,
                            9211A6BC55624B75920D9E2A /* RelWithDebInfo */,
                     );
                     defaultConfigurationIsVisible = 0;
                     defaultConfigurationName = Debug;
              };
              91437E1AD2144A538F339824 /* Build configuration list for PBXAggregateTarget "package" */ = {
                     isa = XCConfigurationList;
                     buildConfigurations = (
                            B1BA7BA21E0F45928A406A2D /* Debug */,
                            2767CD7FCB4B46B08F103A55 /* Release */,
                            A8532CB06184485098EC2B81 /* MinSizeRel */,
                            99CC34D0626641BBB7EB471F /* RelWithDebInfo */,
                     );
                     defaultConfigurationIsVisible = 0;
                     defaultConfigurationName = Debug;
              };
              D83FBC62BC9B4B1F959C5A07 /* Build configuration list for PBXNativeTarget "lua" */ = {
                     isa = XCConfigurationList;
                     buildConfigurations = (
                            C6B20D86AB0249C2AC860163 /* Debug */,
                            B800FF12FE334B91817A93CF /* Release */,
                            C8E4AC434949428E990032DB /* MinSizeRel */,
                            FA44A173F59A4505AF839762 /* RelWithDebInfo */,
                     );
                     defaultConfigurationIsVisible = 0;
                     defaultConfigurationName = Debug;
              };
/* End XCConfigurationList section */
       };
       rootObject = DECFC88BA1704AA6B525CB07;
}
