// !$*UTF8*$!
{
       archiveVersion = 1;
       classes = {
       };
       objectVersion = 46;
       objects = {

/* Begin PBXAggregateTarget section */
              892F0C4515654671AD2102C3 /* ALL_BUILD */ = {
                     isa = PBXAggregateTarget;
                     buildConfigurationList = 11BFEB49A1FE47D883332D82 /* Build configuration list for PBXAggregateTarget "ALL_BUILD" */;
                     buildPhases = (
                            36A19AE4102C43D2A8B54937 /* CMake Rules */,
                     );
                     dependencies = (
                            5535354AA1D94308A94187F8 /* PBXTargetDependency */,
                            29C3C9BA178E49E88236F58F /* PBXTargetDependency */,
                     );
                     name = ALL_BUILD;
                     productName = ALL_BUILD;
              };
              B52D9D7FEDDC4282ACC55010 /* ZERO_CHECK */ = {
                     isa = PBXAggregateTarget;
                     buildConfigurationList = D32D96C69D774C7D8CC6682A /* Build configuration list for PBXAggregateTarget "ZERO_CHECK" */;
                     buildPhases = (
                            D8B8C0607986434AA122CF64 /* CMake Rules */,
                     );
                     dependencies = (
                     );
                     name = ZERO_CHECK;
                     productName = ZERO_CHECK;
              };
              D515797C2B5B42BAB260A6A0 /* install */ = {
                     isa = PBXAggregateTarget;
                     buildConfigurationList = 9B298F7171D441ED960F4100 /* Build configuration list for PBXAggregateTarget "install" */;
                     buildPhases = (
                            4A04E76C76A64EC9B82F27FF /* CMake PostBuild Rules */,
                     );
                     dependencies = (
                            5083A8D10BA849D8867D4C06 /* PBXTargetDependency */,
                     );
                     name = install;
                     productName = install;
              };
              96EFB495E1BF44488A5E13B6 /* package */ = {
                     isa = PBXAggregateTarget;
                     buildConfigurationList = F95B9FDFFE13412BBA9D920A /* Build configuration list for PBXAggregateTarget "package" */;
                     buildPhases = (
                            FF34810E49214A058355513B /* CMake PostBuild Rules */,
                     );
                     dependencies = (
                            5083A8D10BA849D8867D4C06 /* PBXTargetDependency */,
                     );
                     name = package;
                     productName = package;
              };
/* End PBXAggregateTarget section */

/* Begin PBXBuildFile section */
CDC01489F1DC45C89ECFF4BC /* /Users/security/osxminecraft/src/lua/src/lapi.c */ = {isa = PBXBuildFile; fileRef = 3BBC7556B97F4E7FB11558B4 /* /Users/security/osxminecraft/src/lua/src/lapi.c */; settings = { COMPILER_FLAGS = ""; }; };
339E1E2A41614F1B8BD1305E /* /Users/security/osxminecraft/src/lua/src/lauxlib.c */ = {isa = PBXBuildFile; fileRef = 8E90DF9F0C7B4E2ABC498A1C /* /Users/security/osxminecraft/src/lua/src/lauxlib.c */; settings = { COMPILER_FLAGS = ""; }; };
EFE47DC16C454A5F991C9CC1 /* /Users/security/osxminecraft/src/lua/src/lbaselib.c */ = {isa = PBXBuildFile; fileRef = 3A2872FE5F2543EE96B5E773 /* /Users/security/osxminecraft/src/lua/src/lbaselib.c */; settings = { COMPILER_FLAGS = ""; }; };
A8E99C0EA12549C59CF1FA82 /* /Users/security/osxminecraft/src/lua/src/lcode.c */ = {isa = PBXBuildFile; fileRef = 11F6C44370F343DDA1BC4540 /* /Users/security/osxminecraft/src/lua/src/lcode.c */; settings = { COMPILER_FLAGS = ""; }; };
D75B1D8E5FF445CD94CE03EF /* /Users/security/osxminecraft/src/lua/src/ldblib.c */ = {isa = PBXBuildFile; fileRef = 31A8164516804413862A1C8A /* /Users/security/osxminecraft/src/lua/src/ldblib.c */; settings = { COMPILER_FLAGS = ""; }; };
EB4CAF3D853C4EA4BB688FFC /* /Users/security/osxminecraft/src/lua/src/ldebug.c */ = {isa = PBXBuildFile; fileRef = 58A888EB4BB74229834E105E /* /Users/security/osxminecraft/src/lua/src/ldebug.c */; settings = { COMPILER_FLAGS = ""; }; };
43D6EFEEBD4D4C74B43B570E /* /Users/security/osxminecraft/src/lua/src/ldo.c */ = {isa = PBXBuildFile; fileRef = A51D4649B6BA45AE896FB664 /* /Users/security/osxminecraft/src/lua/src/ldo.c */; settings = { COMPILER_FLAGS = ""; }; };
0830D76A880C49008E1EDDE6 /* /Users/security/osxminecraft/src/lua/src/ldump.c */ = {isa = PBXBuildFile; fileRef = D9D5B11C03B049AB997596A4 /* /Users/security/osxminecraft/src/lua/src/ldump.c */; settings = { COMPILER_FLAGS = ""; }; };
039CF44DE91842889B7EDD3A /* /Users/security/osxminecraft/src/lua/src/lfunc.c */ = {isa = PBXBuildFile; fileRef = A3567F2957A8472586CF489F /* /Users/security/osxminecraft/src/lua/src/lfunc.c */; settings = { COMPILER_FLAGS = ""; }; };
2ED9CA9C1CE3457584C4D7C5 /* /Users/security/osxminecraft/src/lua/src/lgc.c */ = {isa = PBXBuildFile; fileRef = 953D89A9338B437B9C8C553A /* /Users/security/osxminecraft/src/lua/src/lgc.c */; settings = { COMPILER_FLAGS = ""; }; };
FEBD9EFB83D54FE1A50ED941 /* /Users/security/osxminecraft/src/lua/src/linit.c */ = {isa = PBXBuildFile; fileRef = D58A9A3242B646EF9A6F5351 /* /Users/security/osxminecraft/src/lua/src/linit.c */; settings = { COMPILER_FLAGS = ""; }; };
B8325DEF93FD47B59B6EE76F /* /Users/security/osxminecraft/src/lua/src/liolib.c */ = {isa = PBXBuildFile; fileRef = 03A827B67D724DAC9252D2C0 /* /Users/security/osxminecraft/src/lua/src/liolib.c */; settings = { COMPILER_FLAGS = ""; }; };
DA40ADB301F544E09336CC60 /* /Users/security/osxminecraft/src/lua/src/llex.c */ = {isa = PBXBuildFile; fileRef = 6FB142133D414AFD99F38CB9 /* /Users/security/osxminecraft/src/lua/src/llex.c */; settings = { COMPILER_FLAGS = ""; }; };
CCACADF7A451429899E94457 /* /Users/security/osxminecraft/src/lua/src/lmathlib.c */ = {isa = PBXBuildFile; fileRef = 7D95A3612B43440AB94376D2 /* /Users/security/osxminecraft/src/lua/src/lmathlib.c */; settings = { COMPILER_FLAGS = ""; }; };
2479F71590A1457FA8F688DB /* /Users/security/osxminecraft/src/lua/src/lmem.c */ = {isa = PBXBuildFile; fileRef = 93CF9492991A4814BA7F52C2 /* /Users/security/osxminecraft/src/lua/src/lmem.c */; settings = { COMPILER_FLAGS = ""; }; };
35D8042632CE4C87B32FF571 /* /Users/security/osxminecraft/src/lua/src/loadlib.c */ = {isa = PBXBuildFile; fileRef = 7F5EC97FA3A74FE7BFD3910D /* /Users/security/osxminecraft/src/lua/src/loadlib.c */; settings = { COMPILER_FLAGS = ""; }; };
1C561ED9FAA841CF92AC8285 /* /Users/security/osxminecraft/src/lua/src/lobject.c */ = {isa = PBXBuildFile; fileRef = 525A8214CF1643609B3B1FA2 /* /Users/security/osxminecraft/src/lua/src/lobject.c */; settings = { COMPILER_FLAGS = ""; }; };
C31C50870C044B5D88AC08A8 /* /Users/security/osxminecraft/src/lua/src/lopcodes.c */ = {isa = PBXBuildFile; fileRef = C1A0E1C522CA421BB26841B1 /* /Users/security/osxminecraft/src/lua/src/lopcodes.c */; settings = { COMPILER_FLAGS = ""; }; };
AF76721CB1C54C7FAA30A684 /* /Users/security/osxminecraft/src/lua/src/loslib.c */ = {isa = PBXBuildFile; fileRef = C4304D7C94D640A7ABDE4843 /* /Users/security/osxminecraft/src/lua/src/loslib.c */; settings = { COMPILER_FLAGS = ""; }; };
5794950C52024FA3BBD4CEF3 /* /Users/security/osxminecraft/src/lua/src/lparser.c */ = {isa = PBXBuildFile; fileRef = 0584BBEE9AD6427B8A744947 /* /Users/security/osxminecraft/src/lua/src/lparser.c */; settings = { COMPILER_FLAGS = ""; }; };
1608D21A9AC14E1E83516827 /* /Users/security/osxminecraft/src/lua/src/lstate.c */ = {isa = PBXBuildFile; fileRef = 43777A72DB96495E838AB8AD /* /Users/security/osxminecraft/src/lua/src/lstate.c */; settings = { COMPILER_FLAGS = ""; }; };
915BF77C3A06400FA0335224 /* /Users/security/osxminecraft/src/lua/src/lstring.c */ = {isa = PBXBuildFile; fileRef = CF249E0DCF454C1283F5879D /* /Users/security/osxminecraft/src/lua/src/lstring.c */; settings = { COMPILER_FLAGS = ""; }; };
77203D0CC1404520BAB2AA9D /* /Users/security/osxminecraft/src/lua/src/lstrlib.c */ = {isa = PBXBuildFile; fileRef = DCE97B0A732E48AFA5A98990 /* /Users/security/osxminecraft/src/lua/src/lstrlib.c */; settings = { COMPILER_FLAGS = ""; }; };
BFAA23FD1EFF4D8D9F5C1D99 /* /Users/security/osxminecraft/src/lua/src/ltable.c */ = {isa = PBXBuildFile; fileRef = ADB83B33639D4EC7B4731288 /* /Users/security/osxminecraft/src/lua/src/ltable.c */; settings = { COMPILER_FLAGS = ""; }; };
E33C40C2BEE04E2EB001F7ED /* /Users/security/osxminecraft/src/lua/src/ltablib.c */ = {isa = PBXBuildFile; fileRef = DC617A415B13428788582003 /* /Users/security/osxminecraft/src/lua/src/ltablib.c */; settings = { COMPILER_FLAGS = ""; }; };
0F0180FAB4234CC5A300D00A /* /Users/security/osxminecraft/src/lua/src/ltm.c */ = {isa = PBXBuildFile; fileRef = D1E1E5478BA046738333BDEF /* /Users/security/osxminecraft/src/lua/src/ltm.c */; settings = { COMPILER_FLAGS = ""; }; };
22BA02FA187B4FBDBAA35BE8 /* /Users/security/osxminecraft/src/lua/src/lundump.c */ = {isa = PBXBuildFile; fileRef = D9ADE55C62CA45E08101127C /* /Users/security/osxminecraft/src/lua/src/lundump.c */; settings = { COMPILER_FLAGS = ""; }; };
29155F5C0ECA448CB4126822 /* /Users/security/osxminecraft/src/lua/src/lvm.c */ = {isa = PBXBuildFile; fileRef = BE4C7F4650AA4E8894986415 /* /Users/security/osxminecraft/src/lua/src/lvm.c */; settings = { COMPILER_FLAGS = ""; }; };
4A80F90A72554D68A6ABA1D7 /* /Users/security/osxminecraft/src/lua/src/lzio.c */ = {isa = PBXBuildFile; fileRef = 08D4CCA84DCA48AF881D476D /* /Users/security/osxminecraft/src/lua/src/lzio.c */; settings = { COMPILER_FLAGS = ""; }; };
EB8E8751ED0D462D9AC18876 /* /Users/security/osxminecraft/src/lua/src/CMakeLists.txt */ = {isa = PBXBuildFile; fileRef = D89BA4F5A8894C7BA1289167 /* /Users/security/osxminecraft/src/lua/src/CMakeLists.txt */; settings = { COMPILER_FLAGS = ""; }; };
/* End PBXBuildFile section */

/* Begin PBXBuildStyle section */
              2F3DDEA7AE524EEE8054D394 /*  */ = {
                     isa = PBXBuildStyle;
              };
              F2A4CD28A00640D3BC9C54CC /* Debug */ = {
                     isa = PBXBuildStyle;
                     buildSettings = {
                            COPY_PHASE_STRIP = NO;
                     };
                     name = Debug;
              };
              2B3A7E59B7484190909978CF /* Release */ = {
                     isa = PBXBuildStyle;
                     buildSettings = {
                            COPY_PHASE_STRIP = NO;
                     };
                     name = Release;
              };
              8E4831E5F3CF40139A6E4644 /* MinSizeRel */ = {
                     isa = PBXBuildStyle;
                     buildSettings = {
                            COPY_PHASE_STRIP = NO;
                     };
                     name = MinSizeRel;
              };
              F08D8DABED964DFC8F019A2B /* RelWithDebInfo */ = {
                     isa = PBXBuildStyle;
                     buildSettings = {
                            COPY_PHASE_STRIP = NO;
                     };
                     name = RelWithDebInfo;
              };
/* End PBXBuildStyle section */

/* Begin PBXContainerItemProxy section */
              525EA10FAF3B48A0B4DFFDD9 /* PBXContainerItemProxy */ = {
                     isa = PBXContainerItemProxy;
                     containerPortal = DECFC88BA1704AA6B525CB07 /* Project object */;
                     proxyType = 1;
                     remoteGlobalIDString = AA5884B2337C4E76B53EEA7D;
                     remoteInfo = lua;
              };
              F76D3EE16B0246D0B9252AEE /* PBXContainerItemProxy */ = {
                     isa = PBXContainerItemProxy;
                     containerPortal = DECFC88BA1704AA6B525CB07 /* Project object */;
                     proxyType = 1;
                     remoteGlobalIDString = B52D9D7FEDDC4282ACC55010;
                     remoteInfo = ZERO_CHECK;
              };
              6D53855CB6C043CF8776DCA0 /* PBXContainerItemProxy */ = {
                     isa = PBXContainerItemProxy;
                     containerPortal = DECFC88BA1704AA6B525CB07 /* Project object */;
                     proxyType = 1;
                     remoteGlobalIDString = 892F0C4515654671AD2102C3;
                     remoteInfo = ALL_BUILD;
              };
/* End PBXContainerItemProxy section */

/* Begin PBXFileReference section */
065A20456AA04FA9884E628C /* /Users/security/osxminecraft/src/lua/CMakeLists.txt */ = {isa = PBXFileReference; fileEncoding = 4; lastKnownFileType = "sourcecode.text"; name = "CMakeLists.txt"; path = "CMakeLists.txt"; sourceTree = SOURCE_ROOT; };
3BBC7556B97F4E7FB11558B4 /* /Users/security/osxminecraft/src/lua/src/lapi.c */ = {isa = PBXFileReference; fileEncoding = 4; lastKnownFileType = "sourcecode.c.c"; name = "lapi.c"; path = "src/lapi.c"; sourceTree = SOURCE_ROOT; };
8E90DF9F0C7B4E2ABC498A1C /* /Users/security/osxminecraft/src/lua/src/lauxlib.c */ = {isa = PBXFileReference; fileEncoding = 4; lastKnownFileType = "sourcecode.c.c"; name = "lauxlib.c"; path = "src/lauxlib.c"; sourceTree = SOURCE_ROOT; };
3A2872FE5F2543EE96B5E773 /* /Users/security/osxminecraft/src/lua/src/lbaselib.c */ = {isa = PBXFileReference; fileEncoding = 4; lastKnownFileType = "sourcecode.c.c"; name = "lbaselib.c"; path = "src/lbaselib.c"; sourceTree = SOURCE_ROOT; };
11F6C44370F343DDA1BC4540 /* /Users/security/osxminecraft/src/lua/src/lcode.c */ = {isa = PBXFileReference; fileEncoding = 4; lastKnownFileType = "sourcecode.c.c"; name = "lcode.c"; path = "src/lcode.c"; sourceTree = SOURCE_ROOT; };
31A8164516804413862A1C8A /* /Users/security/osxminecraft/src/lua/src/ldblib.c */ = {isa = PBXFileReference; fileEncoding = 4; lastKnownFileType = "sourcecode.c.c"; name = "ldblib.c"; path = "src/ldblib.c"; sourceTree = SOURCE_ROOT; };
58A888EB4BB74229834E105E /* /Users/security/osxminecraft/src/lua/src/ldebug.c */ = {isa = PBXFileReference; fileEncoding = 4; lastKnownFileType = "sourcecode.c.c"; name = "ldebug.c"; path = "src/ldebug.c"; sourceTree = SOURCE_ROOT; };
A51D4649B6BA45AE896FB664 /* /Users/security/osxminecraft/src/lua/src/ldo.c */ = {isa = PBXFileReference; fileEncoding = 4; lastKnownFileType = "sourcecode.c.c"; name = "ldo.c"; path = "src/ldo.c"; sourceTree = SOURCE_ROOT; };
D9D5B11C03B049AB997596A4 /* /Users/security/osxminecraft/src/lua/src/ldump.c */ = {isa = PBXFileReference; fileEncoding = 4; lastKnownFileType = "sourcecode.c.c"; name = "ldump.c"; path = "src/ldump.c"; sourceTree = SOURCE_ROOT; };
A3567F2957A8472586CF489F /* /Users/security/osxminecraft/src/lua/src/lfunc.c */ = {isa = PBXFileReference; fileEncoding = 4; lastKnownFileType = "sourcecode.c.c"; name = "lfunc.c"; path = "src/lfunc.c"; sourceTree = SOURCE_ROOT; };
953D89A9338B437B9C8C553A /* /Users/security/osxminecraft/src/lua/src/lgc.c */ = {isa = PBXFileReference; fileEncoding = 4; lastKnownFileType = "sourcecode.c.c"; name = "lgc.c"; path = "src/lgc.c"; sourceTree = SOURCE_ROOT; };
D58A9A3242B646EF9A6F5351 /* /Users/security/osxminecraft/src/lua/src/linit.c */ = {isa = PBXFileReference; fileEncoding = 4; lastKnownFileType = "sourcecode.c.c"; name = "linit.c"; path = "src/linit.c"; sourceTree = SOURCE_ROOT; };
03A827B67D724DAC9252D2C0 /* /Users/security/osxminecraft/src/lua/src/liolib.c */ = {isa = PBXFileReference; fileEncoding = 4; lastKnownFileType = "sourcecode.c.c"; name = "liolib.c"; path = "src/liolib.c"; sourceTree = SOURCE_ROOT; };
6FB142133D414AFD99F38CB9 /* /Users/security/osxminecraft/src/lua/src/llex.c */ = {isa = PBXFileReference; fileEncoding = 4; lastKnownFileType = "sourcecode.c.c"; name = "llex.c"; path = "src/llex.c"; sourceTree = SOURCE_ROOT; };
7D95A3612B43440AB94376D2 /* /Users/security/osxminecraft/src/lua/src/lmathlib.c */ = {isa = PBXFileReference; fileEncoding = 4; lastKnownFileType = "sourcecode.c.c"; name = "lmathlib.c"; path = "src/lmathlib.c"; sourceTree = SOURCE_ROOT; };
93CF9492991A4814BA7F52C2 /* /Users/security/osxminecraft/src/lua/src/lmem.c */ = {isa = PBXFileReference; fileEncoding = 4; lastKnownFileType = "sourcecode.c.c"; name = "lmem.c"; path = "src/lmem.c"; sourceTree = SOURCE_ROOT; };
7F5EC97FA3A74FE7BFD3910D /* /Users/security/osxminecraft/src/lua/src/loadlib.c */ = {isa = PBXFileReference; fileEncoding = 4; lastKnownFileType = "sourcecode.c.c"; name = "loadlib.c"; path = "src/loadlib.c"; sourceTree = SOURCE_ROOT; };
525A8214CF1643609B3B1FA2 /* /Users/security/osxminecraft/src/lua/src/lobject.c */ = {isa = PBXFileReference; fileEncoding = 4; lastKnownFileType = "sourcecode.c.c"; name = "lobject.c"; path = "src/lobject.c"; sourceTree = SOURCE_ROOT; };
C1A0E1C522CA421BB26841B1 /* /Users/security/osxminecraft/src/lua/src/lopcodes.c */ = {isa = PBXFileReference; fileEncoding = 4; lastKnownFileType = "sourcecode.c.c"; name = "lopcodes.c"; path = "src/lopcodes.c"; sourceTree = SOURCE_ROOT; };
C4304D7C94D640A7ABDE4843 /* /Users/security/osxminecraft/src/lua/src/loslib.c */ = {isa = PBXFileReference; fileEncoding = 4; lastKnownFileType = "sourcecode.c.c"; name = "loslib.c"; path = "src/loslib.c"; sourceTree = SOURCE_ROOT; };
0584BBEE9AD6427B8A744947 /* /Users/security/osxminecraft/src/lua/src/lparser.c */ = {isa = PBXFileReference; fileEncoding = 4; lastKnownFileType = "sourcecode.c.c"; name = "lparser.c"; path = "src/lparser.c"; sourceTree = SOURCE_ROOT; };
43777A72DB96495E838AB8AD /* /Users/security/osxminecraft/src/lua/src/lstate.c */ = {isa = PBXFileReference; fileEncoding = 4; lastKnownFileType = "sourcecode.c.c"; name = "lstate.c"; path = "src/lstate.c"; sourceTree = SOURCE_ROOT; };
CF249E0DCF454C1283F5879D /* /Users/security/osxminecraft/src/lua/src/lstring.c */ = {isa = PBXFileReference; fileEncoding = 4; lastKnownFileType = "sourcecode.c.c"; name = "lstring.c"; path = "src/lstring.c"; sourceTree = SOURCE_ROOT; };
DCE97B0A732E48AFA5A98990 /* /Users/security/osxminecraft/src/lua/src/lstrlib.c */ = {isa = PBXFileReference; fileEncoding = 4; lastKnownFileType = "sourcecode.c.c"; name = "lstrlib.c"; path = "src/lstrlib.c"; sourceTree = SOURCE_ROOT; };
ADB83B33639D4EC7B4731288 /* /Users/security/osxminecraft/src/lua/src/ltable.c */ = {isa = PBXFileReference; fileEncoding = 4; lastKnownFileType = "sourcecode.c.c"; name = "ltable.c"; path = "src/ltable.c"; sourceTree = SOURCE_ROOT; };
DC617A415B13428788582003 /* /Users/security/osxminecraft/src/lua/src/ltablib.c */ = {isa = PBXFileReference; fileEncoding = 4; lastKnownFileType = "sourcecode.c.c"; name = "ltablib.c"; path = "src/ltablib.c"; sourceTree = SOURCE_ROOT; };
D1E1E5478BA046738333BDEF /* /Users/security/osxminecraft/src/lua/src/ltm.c */ = {isa = PBXFileReference; fileEncoding = 4; lastKnownFileType = "sourcecode.c.c"; name = "ltm.c"; path = "src/ltm.c"; sourceTree = SOURCE_ROOT; };
D9ADE55C62CA45E08101127C /* /Users/security/osxminecraft/src/lua/src/lundump.c */ = {isa = PBXFileReference; fileEncoding = 4; lastKnownFileType = "sourcecode.c.c"; name = "lundump.c"; path = "src/lundump.c"; sourceTree = SOURCE_ROOT; };
BE4C7F4650AA4E8894986415 /* /Users/security/osxminecraft/src/lua/src/lvm.c */ = {isa = PBXFileReference; fileEncoding = 4; lastKnownFileType = "sourcecode.c.c"; name = "lvm.c"; path = "src/lvm.c"; sourceTree = SOURCE_ROOT; };
08D4CCA84DCA48AF881D476D /* /Users/security/osxminecraft/src/lua/src/lzio.c */ = {isa = PBXFileReference; fileEncoding = 4; lastKnownFileType = "sourcecode.c.c"; name = "lzio.c"; path = "src/lzio.c"; sourceTree = SOURCE_ROOT; };
D89BA4F5A8894C7BA1289167 /* /Users/security/osxminecraft/src/lua/src/CMakeLists.txt */ = {isa = PBXFileReference; fileEncoding = 4; lastKnownFileType = "sourcecode.text"; name = "CMakeLists.txt"; path = "src/CMakeLists.txt"; sourceTree = SOURCE_ROOT; };
2EA76A9838B84003AB7F87EB /* lua */ = {isa = PBXFileReference; explicitFileType = "archive.ar"; path = "liblua.a"; refType = 0; sourceTree = BUILT_PRODUCTS_DIR; };
/* End PBXFileReference section */

/* Begin PBXGroup section */
              A3160EC920B74FFAB847E9AD  = {
                     isa = PBXGroup;
                     children = (
                            8B186550E3F14E1685CD9E52 /* Sources */,
                            AE40DAC8AECC4F5BB4B3B029 /* Resources */,
                            721DB4BADBDA4556880C1BE1 /* Products */,
                     );
                     sourceTree = "<group>";
              };
              8B186550E3F14E1685CD9E52 /* Sources */ = {
                     isa = PBXGroup;
                     children = (
                            45B870E55C8B41748523A6ED /* ALL_BUILD */,
                            0389384A1B6748119AC07397 /* ZERO_CHECK */,
                            73A3CD59B61F4F37B3051A37 /* lua */,
                     );
                     name = Sources;
                     sourceTree = "<group>";
              };
              AE40DAC8AECC4F5BB4B3B029 /* Resources */ = {
                     isa = PBXGroup;
                     children = (
                     );
                     name = Resources;
                     sourceTree = "<group>";
              };
              45B870E55C8B41748523A6ED /* ALL_BUILD */ = {
                     isa = PBXGroup;
                     children = (
                            AE2BB5B9BC534EDA81FC7413 /* CMake Rules */,
                            065A20456AA04FA9884E628C /* /Users/security/osxminecraft/src/lua/CMakeLists.txt */,
                     );
                     name = ALL_BUILD;
                     sourceTree = "<group>";
              };
              AE2BB5B9BC534EDA81FC7413 /* CMake Rules */ = {
                     isa = PBXGroup;
                     children = (
                     );
                     name = "CMake Rules";
                     sourceTree = "<group>";
              };
              0389384A1B6748119AC07397 /* ZERO_CHECK */ = {
                     isa = PBXGroup;
                     children = (
                            F4AB8791440746EC82071881 /* CMake Rules */,
                            065A20456AA04FA9884E628C /* /Users/security/osxminecraft/src/lua/CMakeLists.txt */,
                     );
                     name = ZERO_CHECK;
                     sourceTree = "<group>";
              };
              F4AB8791440746EC82071881 /* CMake Rules */ = {
                     isa = PBXGroup;
                     children = (
                     );
                     name = "CMake Rules";
                     sourceTree = "<group>";
              };
              73A3CD59B61F4F37B3051A37 /* lua */ = {
                     isa = PBXGroup;
                     children = (
                            3DD0F3AB2A074F45A0DF5FC7 /* Source Files */,
                            D89BA4F5A8894C7BA1289167 /* /Users/security/osxminecraft/src/lua/src/CMakeLists.txt */,
                     );
                     name = lua;
                     sourceTree = "<group>";
              };
              3DD0F3AB2A074F45A0DF5FC7 /* Source Files */ = {
                     isa = PBXGroup;
                     children = (
                            3BBC7556B97F4E7FB11558B4 /* /Users/security/osxminecraft/src/lua/src/lapi.c */,
                            8E90DF9F0C7B4E2ABC498A1C /* /Users/security/osxminecraft/src/lua/src/lauxlib.c */,
                            3A2872FE5F2543EE96B5E773 /* /Users/security/osxminecraft/src/lua/src/lbaselib.c */,
                            11F6C44370F343DDA1BC4540 /* /Users/security/osxminecraft/src/lua/src/lcode.c */,
                            31A8164516804413862A1C8A /* /Users/security/osxminecraft/src/lua/src/ldblib.c */,
                            58A888EB4BB74229834E105E /* /Users/security/osxminecraft/src/lua/src/ldebug.c */,
                            A51D4649B6BA45AE896FB664 /* /Users/security/osxminecraft/src/lua/src/ldo.c */,
                            D9D5B11C03B049AB997596A4 /* /Users/security/osxminecraft/src/lua/src/ldump.c */,
                            A3567F2957A8472586CF489F /* /Users/security/osxminecraft/src/lua/src/lfunc.c */,
                            953D89A9338B437B9C8C553A /* /Users/security/osxminecraft/src/lua/src/lgc.c */,
                            D58A9A3242B646EF9A6F5351 /* /Users/security/osxminecraft/src/lua/src/linit.c */,
                            03A827B67D724DAC9252D2C0 /* /Users/security/osxminecraft/src/lua/src/liolib.c */,
                            6FB142133D414AFD99F38CB9 /* /Users/security/osxminecraft/src/lua/src/llex.c */,
                            7D95A3612B43440AB94376D2 /* /Users/security/osxminecraft/src/lua/src/lmathlib.c */,
                            93CF9492991A4814BA7F52C2 /* /Users/security/osxminecraft/src/lua/src/lmem.c */,
                            7F5EC97FA3A74FE7BFD3910D /* /Users/security/osxminecraft/src/lua/src/loadlib.c */,
                            525A8214CF1643609B3B1FA2 /* /Users/security/osxminecraft/src/lua/src/lobject.c */,
                            C1A0E1C522CA421BB26841B1 /* /Users/security/osxminecraft/src/lua/src/lopcodes.c */,
                            C4304D7C94D640A7ABDE4843 /* /Users/security/osxminecraft/src/lua/src/loslib.c */,
                            0584BBEE9AD6427B8A744947 /* /Users/security/osxminecraft/src/lua/src/lparser.c */,
                            43777A72DB96495E838AB8AD /* /Users/security/osxminecraft/src/lua/src/lstate.c */,
                            CF249E0DCF454C1283F5879D /* /Users/security/osxminecraft/src/lua/src/lstring.c */,
                            DCE97B0A732E48AFA5A98990 /* /Users/security/osxminecraft/src/lua/src/lstrlib.c */,
                            ADB83B33639D4EC7B4731288 /* /Users/security/osxminecraft/src/lua/src/ltable.c */,
                            DC617A415B13428788582003 /* /Users/security/osxminecraft/src/lua/src/ltablib.c */,
                            D1E1E5478BA046738333BDEF /* /Users/security/osxminecraft/src/lua/src/ltm.c */,
                            D9ADE55C62CA45E08101127C /* /Users/security/osxminecraft/src/lua/src/lundump.c */,
                            BE4C7F4650AA4E8894986415 /* /Users/security/osxminecraft/src/lua/src/lvm.c */,
                            08D4CCA84DCA48AF881D476D /* /Users/security/osxminecraft/src/lua/src/lzio.c */,
                     );
                     name = "Source Files";
                     sourceTree = "<group>";
              };
              721DB4BADBDA4556880C1BE1 /* Products */ = {
                     isa = PBXGroup;
                     children = (
                            2EA76A9838B84003AB7F87EB /* lua */,
                     );
                     name = Products;
                     sourceTree = "<group>";
              };
/* End PBXGroup section */

/* Begin PBXNativeTarget section */
              AA5884B2337C4E76B53EEA7D /* lua */ = {
                     isa = PBXNativeTarget;
                     buildConfigurationList = D4448A5FD55E408DA731F2E7 /* Build configuration list for PBXNativeTarget "lua" */;
                     buildPhases = (
                            41C9FACA26B44195984CAC35 /* Sources */,
                            2A83F0CA40394A3997AA5CBE /* CMake PostBuild Rules */,
                     );
                     buildRules = (
                     );
                     dependencies = (
                     );
                     name = lua;
                     productName = lua;
                     productReference = 2EA76A9838B84003AB7F87EB /* lua */;
                     productType = "com.apple.product-type.library.static";
              };
/* End PBXNativeTarget section */

/* Begin PBXProject section */
              DECFC88BA1704AA6B525CB07 /* Project object */ = {
                     isa = PBXProject;
                     attributes = {
                            BuildIndependentTargetsInParallel = YES;
                     };
                     buildConfigurationList = AD6155E3AAE04D2FB12ECF2B /* Build configuration list for PBXProject  "lua" */;
                     buildSettings = {
                     };
                     buildStyles = (
                            F2A4CD28A00640D3BC9C54CC /* Debug */,
                            2B3A7E59B7484190909978CF /* Release */,
                            8E4831E5F3CF40139A6E4644 /* MinSizeRel */,
                            F08D8DABED964DFC8F019A2B /* RelWithDebInfo */,
                     );
                     compatibilityVersion = "Xcode 3.2";
                     hasScannedForEncodings = 0;
                     mainGroup = A3160EC920B74FFAB847E9AD;
                     projectDirPath = ".";
                     projectRoot = "";
                     targets = (
                            892F0C4515654671AD2102C3 /* ALL_BUILD */,
                            B52D9D7FEDDC4282ACC55010 /* ZERO_CHECK */,
                            D515797C2B5B42BAB260A6A0 /* install */,
                            96EFB495E1BF44488A5E13B6 /* package */,
                            AA5884B2337C4E76B53EEA7D /* lua */,
                     );
              };
/* End PBXProject section */

/* Begin PBXShellScriptBuildPhase section */
              F3D19AEB68BC4926AE522514 /*  */ = {
                     isa = PBXShellScriptBuildPhase;
                     buildActionMask = 2147483647;
                     files = (
                     );
                     inputPaths = (
                     );
                     outputPaths = (
                     );
                     runOnlyForDeploymentPostprocessing = 0;
                     shellPath = /bin/sh;
                     shellScript = "# shell script goes here
exit 0";
                     showEnvVarsInLog = 0;
              };
              36A19AE4102C43D2A8B54937 /* CMake Rules */ = {
                     isa = PBXShellScriptBuildPhase;
                     buildActionMask = 2147483647;
                     files = (
                     );
                     name = "CMake Rules";
                     runOnlyForDeploymentPostprocessing = 0;
                     shellPath = /bin/sh;
                     shellScript = "make -C /Users/security/osxminecraft/src/lua -f /Users/security/osxminecraft/src/lua/CMakeScripts/ALL_BUILD_cmakeRulesBuildPhase.make$CONFIGURATION all";
                     showEnvVarsInLog = 0;
              };
              B9DA2EF9929A4419B22E99D4 /*  */ = {
                     isa = PBXShellScriptBuildPhase;
                     buildActionMask = 2147483647;
                     files = (
                     );
                     inputPaths = (
                     );
                     outputPaths = (
                     );
                     runOnlyForDeploymentPostprocessing = 0;
                     shellPath = /bin/sh;
                     shellScript = "# shell script goes here
exit 0";
                     showEnvVarsInLog = 0;
              };
              D8B8C0607986434AA122CF64 /* CMake Rules */ = {
                     isa = PBXShellScriptBuildPhase;
                     buildActionMask = 2147483647;
                     files = (
                     );
                     name = "CMake Rules";
                     runOnlyForDeploymentPostprocessing = 0;
                     shellPath = /bin/sh;
                     shellScript = "make -C /Users/security/osxminecraft/src/lua -f /Users/security/osxminecraft/src/lua/CMakeScripts/ZERO_CHECK_cmakeRulesBuildPhase.make$CONFIGURATION all";
                     showEnvVarsInLog = 0;
              };
              4926FCE5DC964491B8CEB9E2 /*  */ = {
                     isa = PBXShellScriptBuildPhase;
                     buildActionMask = 2147483647;
                     files = (
                     );
                     inputPaths = (
                     );
                     outputPaths = (
                     );
                     runOnlyForDeploymentPostprocessing = 0;
                     shellPath = /bin/sh;
                     shellScript = "# shell script goes here
exit 0";
                     showEnvVarsInLog = 0;
              };
              4A04E76C76A64EC9B82F27FF /* CMake PostBuild Rules */ = {
                     isa = PBXShellScriptBuildPhase;
                     buildActionMask = 2147483647;
                     files = (
                     );
                     name = "CMake PostBuild Rules";
                     runOnlyForDeploymentPostprocessing = 0;
                     shellPath = /bin/sh;
                     shellScript = "make -C /Users/security/osxminecraft/src/lua -f /Users/security/osxminecraft/src/lua/CMakeScripts/install_postBuildPhase.make$CONFIGURATION all";
                     showEnvVarsInLog = 0;
              };
              E33EED4A35624FFDB1A9C31F /*  */ = {
                     isa = PBXShellScriptBuildPhase;
                     buildActionMask = 2147483647;
                     files = (
                     );
                     inputPaths = (
                     );
                     outputPaths = (
                     );
                     runOnlyForDeploymentPostprocessing = 0;
                     shellPath = /bin/sh;
                     shellScript = "# shell script goes here
exit 0";
                     showEnvVarsInLog = 0;
              };
              FF34810E49214A058355513B /* CMake PostBuild Rules */ = {
                     isa = PBXShellScriptBuildPhase;
                     buildActionMask = 2147483647;
                     files = (
                     );
                     name = "CMake PostBuild Rules";
                     runOnlyForDeploymentPostprocessing = 0;
                     shellPath = /bin/sh;
                     shellScript = "make -C /Users/security/osxminecraft/src/lua -f /Users/security/osxminecraft/src/lua/CMakeScripts/package_postBuildPhase.make$CONFIGURATION all";
                     showEnvVarsInLog = 0;
              };
              2A83F0CA40394A3997AA5CBE /* CMake PostBuild Rules */ = {
                     isa = PBXShellScriptBuildPhase;
                     buildActionMask = 2147483647;
                     files = (
                     );
                     name = "CMake PostBuild Rules";
                     runOnlyForDeploymentPostprocessing = 0;
                     shellPath = /bin/sh;
                     shellScript = "make -C /Users/security/osxminecraft/src/lua/build -f /Users/security/osxminecraft/src/lua/build/CMakeScripts/lua_postBuildPhase.make$CONFIGURATION all";
                     showEnvVarsInLog = 0;
              };
/* End PBXShellScriptBuildPhase section */

/* Begin PBXSourcesBuildPhase section */
              41C9FACA26B44195984CAC35 /* Sources */ = {
                     isa = PBXSourcesBuildPhase;
                     buildActionMask = 2147483647;
                     files = (
                            CDC01489F1DC45C89ECFF4BC /* /Users/security/osxminecraft/src/lua/src/lapi.c */,
                            339E1E2A41614F1B8BD1305E /* /Users/security/osxminecraft/src/lua/src/lauxlib.c */,
                            EFE47DC16C454A5F991C9CC1 /* /Users/security/osxminecraft/src/lua/src/lbaselib.c */,
                            A8E99C0EA12549C59CF1FA82 /* /Users/security/osxminecraft/src/lua/src/lcode.c */,
                            D75B1D8E5FF445CD94CE03EF /* /Users/security/osxminecraft/src/lua/src/ldblib.c */,
                            EB4CAF3D853C4EA4BB688FFC /* /Users/security/osxminecraft/src/lua/src/ldebug.c */,
                            43D6EFEEBD4D4C74B43B570E /* /Users/security/osxminecraft/src/lua/src/ldo.c */,
                            0830D76A880C49008E1EDDE6 /* /Users/security/osxminecraft/src/lua/src/ldump.c */,
                            039CF44DE91842889B7EDD3A /* /Users/security/osxminecraft/src/lua/src/lfunc.c */,
                            2ED9CA9C1CE3457584C4D7C5 /* /Users/security/osxminecraft/src/lua/src/lgc.c */,
                            FEBD9EFB83D54FE1A50ED941 /* /Users/security/osxminecraft/src/lua/src/linit.c */,
                            B8325DEF93FD47B59B6EE76F /* /Users/security/osxminecraft/src/lua/src/liolib.c */,
                            DA40ADB301F544E09336CC60 /* /Users/security/osxminecraft/src/lua/src/llex.c */,
                            CCACADF7A451429899E94457 /* /Users/security/osxminecraft/src/lua/src/lmathlib.c */,
                            2479F71590A1457FA8F688DB /* /Users/security/osxminecraft/src/lua/src/lmem.c */,
                            35D8042632CE4C87B32FF571 /* /Users/security/osxminecraft/src/lua/src/loadlib.c */,
                            1C561ED9FAA841CF92AC8285 /* /Users/security/osxminecraft/src/lua/src/lobject.c */,
                            C31C50870C044B5D88AC08A8 /* /Users/security/osxminecraft/src/lua/src/lopcodes.c */,
                            AF76721CB1C54C7FAA30A684 /* /Users/security/osxminecraft/src/lua/src/loslib.c */,
                            5794950C52024FA3BBD4CEF3 /* /Users/security/osxminecraft/src/lua/src/lparser.c */,
                            1608D21A9AC14E1E83516827 /* /Users/security/osxminecraft/src/lua/src/lstate.c */,
                            915BF77C3A06400FA0335224 /* /Users/security/osxminecraft/src/lua/src/lstring.c */,
                            77203D0CC1404520BAB2AA9D /* /Users/security/osxminecraft/src/lua/src/lstrlib.c */,
                            BFAA23FD1EFF4D8D9F5C1D99 /* /Users/security/osxminecraft/src/lua/src/ltable.c */,
                            E33C40C2BEE04E2EB001F7ED /* /Users/security/osxminecraft/src/lua/src/ltablib.c */,
                            0F0180FAB4234CC5A300D00A /* /Users/security/osxminecraft/src/lua/src/ltm.c */,
                            22BA02FA187B4FBDBAA35BE8 /* /Users/security/osxminecraft/src/lua/src/lundump.c */,
                            29155F5C0ECA448CB4126822 /* /Users/security/osxminecraft/src/lua/src/lvm.c */,
                            4A80F90A72554D68A6ABA1D7 /* /Users/security/osxminecraft/src/lua/src/lzio.c */,
                     );
                     runOnlyForDeploymentPostprocessing = 0;
              };
/* End PBXSourcesBuildPhase section */

/* Begin PBXTargetDependency section */
              5535354AA1D94308A94187F8 /* PBXTargetDependency */ = {
                     isa = PBXTargetDependency;
                     target = AA5884B2337C4E76B53EEA7D /* lua */;
                     targetProxy = 525EA10FAF3B48A0B4DFFDD9 /* PBXContainerItemProxy */;
              };
              29C3C9BA178E49E88236F58F /* PBXTargetDependency */ = {
                     isa = PBXTargetDependency;
                     target = B52D9D7FEDDC4282ACC55010 /* ZERO_CHECK */;
                     targetProxy = F76D3EE16B0246D0B9252AEE /* PBXContainerItemProxy */;
              };
              5083A8D10BA849D8867D4C06 /* PBXTargetDependency */ = {
                     isa = PBXTargetDependency;
                     target = 892F0C4515654671AD2102C3 /* ALL_BUILD */;
                     targetProxy = 6D53855CB6C043CF8776DCA0 /* PBXContainerItemProxy */;
              };
/* End PBXTargetDependency section */

/* Begin XCBuildConfiguration section */
              A10AD071D0AC46B4A879C175 /* Debug */ = {
                     isa = XCBuildConfiguration;
                     buildSettings = {
                            ARCHS = i386;
                            SDKROOT = "/Developer/SDKs/MacOSX10.6.sdk";
                            SYMROOT = /Users/security/osxminecraft/src/lua/build;
                     };
                     name = Debug;
              };
              B49719D7F7D7431CBFB17C13 /* Release */ = {
                     isa = XCBuildConfiguration;
                     buildSettings = {
                            ARCHS = i386;
                            SDKROOT = "/Developer/SDKs/MacOSX10.6.sdk";
                            SYMROOT = /Users/security/osxminecraft/src/lua/build;
                     };
                     name = Release;
              };
              3DC91F03830D442685D3B8C1 /* MinSizeRel */ = {
                     isa = XCBuildConfiguration;
                     buildSettings = {
                            ARCHS = i386;
                            SDKROOT = "/Developer/SDKs/MacOSX10.6.sdk";
                            SYMROOT = /Users/security/osxminecraft/src/lua/build;
                     };
                     name = MinSizeRel;
              };
              8F65F0213FC74C8CBE914719 /* RelWithDebInfo */ = {
                     isa = XCBuildConfiguration;
                     buildSettings = {
                            ARCHS = i386;
                            SDKROOT = "/Developer/SDKs/MacOSX10.6.sdk";
                            SYMROOT = /Users/security/osxminecraft/src/lua/build;
                     };
                     name = RelWithDebInfo;
              };
              58A6F8191A974400A952F025 /* Debug */ = {
                     isa = XCBuildConfiguration;
                     buildSettings = {
                            ARCHS = i386;
                            GCC_GENERATE_DEBUGGING_SYMBOLS = NO;
                            GCC_INLINES_ARE_PRIVATE_EXTERN = NO;
                            GCC_OPTIMIZATION_LEVEL = 0;
                            GCC_PREPROCESSOR_DEFINITIONS = ("'CMAKE_INTDIR=\"$(CONFIGURATION)$(EFFECTIVE_PLATFORM_NAME)\"'", USE_CMAKE_CONFIG_H, );
                            GCC_SYMBOLS_PRIVATE_EXTERN = NO;
                            INSTALL_PATH = "";
                            ONLY_ACTIVE_ARCH = NO;
                            OTHER_CFLAGS = "  ";
                            OTHER_LDFLAGS = "";
                            OTHER_REZFLAGS = "";
                            PREBINDING = NO;
                            PRODUCT_NAME = ALL_BUILD;
                            SECTORDER_FLAGS = "";
                            SYMROOT = /Users/security/osxminecraft/src/lua;
                            USE_HEADERMAP = NO;
                            WARNING_CFLAGS = ("-Wmost", "-Wno-four-char-constants", "-Wno-unknown-pragmas", );
                     };
                     name = Debug;
              };
              5E299F13913946C4B7F5A2AE /* Release */ = {
                     isa = XCBuildConfiguration;
                     buildSettings = {
                            ARCHS = i386;
                            GCC_GENERATE_DEBUGGING_SYMBOLS = NO;
                            GCC_INLINES_ARE_PRIVATE_EXTERN = NO;
                            GCC_OPTIMIZATION_LEVEL = 0;
                            GCC_PREPROCESSOR_DEFINITIONS = ("'CMAKE_INTDIR=\"$(CONFIGURATION)$(EFFECTIVE_PLATFORM_NAME)\"'", USE_CMAKE_CONFIG_H, );
                            GCC_SYMBOLS_PRIVATE_EXTERN = NO;
                            INSTALL_PATH = "";
                            ONLY_ACTIVE_ARCH = NO;
                            OTHER_CFLAGS = "  ";
                            OTHER_LDFLAGS = "";
                            OTHER_REZFLAGS = "";
                            PREBINDING = NO;
                            PRODUCT_NAME = ALL_BUILD;
                            SECTORDER_FLAGS = "";
                            SYMROOT = /Users/security/osxminecraft/src/lua;
                            USE_HEADERMAP = NO;
                            WARNING_CFLAGS = ("-Wmost", "-Wno-four-char-constants", "-Wno-unknown-pragmas", );
                     };
                     name = Release;
              };
              1D2DCA87C9004A3B82527B2F /* MinSizeRel */ = {
                     isa = XCBuildConfiguration;
                     buildSettings = {
                            ARCHS = i386;
                            GCC_GENERATE_DEBUGGING_SYMBOLS = NO;
                            GCC_INLINES_ARE_PRIVATE_EXTERN = NO;
                            GCC_OPTIMIZATION_LEVEL = 0;
                            GCC_PREPROCESSOR_DEFINITIONS = ("'CMAKE_INTDIR=\"$(CONFIGURATION)$(EFFECTIVE_PLATFORM_NAME)\"'", USE_CMAKE_CONFIG_H, );
                            GCC_SYMBOLS_PRIVATE_EXTERN = NO;
                            INSTALL_PATH = "";
                            ONLY_ACTIVE_ARCH = NO;
                            OTHER_CFLAGS = "  ";
                            OTHER_LDFLAGS = "";
                            OTHER_REZFLAGS = "";
                            PREBINDING = NO;
                            PRODUCT_NAME = ALL_BUILD;
                            SECTORDER_FLAGS = "";
                            SYMROOT = /Users/security/osxminecraft/src/lua;
                            USE_HEADERMAP = NO;
                            WARNING_CFLAGS = ("-Wmost", "-Wno-four-char-constants", "-Wno-unknown-pragmas", );
                     };
                     name = MinSizeRel;
              };
              EDFBD7AD49034E59A56E30BA /* RelWithDebInfo */ = {
                     isa = XCBuildConfiguration;
                     buildSettings = {
                            ARCHS = i386;
                            GCC_GENERATE_DEBUGGING_SYMBOLS = NO;
                            GCC_INLINES_ARE_PRIVATE_EXTERN = NO;
                            GCC_OPTIMIZATION_LEVEL = 0;
                            GCC_PREPROCESSOR_DEFINITIONS = ("'CMAKE_INTDIR=\"$(CONFIGURATION)$(EFFECTIVE_PLATFORM_NAME)\"'", USE_CMAKE_CONFIG_H, );
                            GCC_SYMBOLS_PRIVATE_EXTERN = NO;
                            INSTALL_PATH = "";
                            ONLY_ACTIVE_ARCH = NO;
                            OTHER_CFLAGS = "  ";
                            OTHER_LDFLAGS = "";
                            OTHER_REZFLAGS = "";
                            PREBINDING = NO;
                            PRODUCT_NAME = ALL_BUILD;
                            SECTORDER_FLAGS = "";
                            SYMROOT = /Users/security/osxminecraft/src/lua;
                            USE_HEADERMAP = NO;
                            WARNING_CFLAGS = ("-Wmost", "-Wno-four-char-constants", "-Wno-unknown-pragmas", );
                     };
                     name = RelWithDebInfo;
              };
              05D47D1FAF1546EBAE20CB9A /* Debug */ = {
                     isa = XCBuildConfiguration;
                     buildSettings = {
                            ARCHS = i386;
                            GCC_GENERATE_DEBUGGING_SYMBOLS = NO;
                            GCC_INLINES_ARE_PRIVATE_EXTERN = NO;
                            GCC_OPTIMIZATION_LEVEL = 0;
                            GCC_PREPROCESSOR_DEFINITIONS = ("'CMAKE_INTDIR=\"$(CONFIGURATION)$(EFFECTIVE_PLATFORM_NAME)\"'", USE_CMAKE_CONFIG_H, );
                            GCC_SYMBOLS_PRIVATE_EXTERN = NO;
                            INSTALL_PATH = "";
                            ONLY_ACTIVE_ARCH = NO;
                            OTHER_CFLAGS = "  ";
                            OTHER_LDFLAGS = "";
                            OTHER_REZFLAGS = "";
                            PREBINDING = NO;
                            PRODUCT_NAME = ZERO_CHECK;
                            SECTORDER_FLAGS = "";
                            SYMROOT = /Users/security/osxminecraft/src/lua;
                            USE_HEADERMAP = NO;
                            WARNING_CFLAGS = ("-Wmost", "-Wno-four-char-constants", "-Wno-unknown-pragmas", );
                     };
                     name = Debug;
              };
              6FE991480ED446A598260CD2 /* Release */ = {
                     isa = XCBuildConfiguration;
                     buildSettings = {
                            ARCHS = i386;
                            GCC_GENERATE_DEBUGGING_SYMBOLS = NO;
                            GCC_INLINES_ARE_PRIVATE_EXTERN = NO;
                            GCC_OPTIMIZATION_LEVEL = 0;
                            GCC_PREPROCESSOR_DEFINITIONS = ("'CMAKE_INTDIR=\"$(CONFIGURATION)$(EFFECTIVE_PLATFORM_NAME)\"'", USE_CMAKE_CONFIG_H, );
                            GCC_SYMBOLS_PRIVATE_EXTERN = NO;
                            INSTALL_PATH = "";
                            ONLY_ACTIVE_ARCH = NO;
                            OTHER_CFLAGS = "  ";
                            OTHER_LDFLAGS = "";
                            OTHER_REZFLAGS = "";
                            PREBINDING = NO;
                            PRODUCT_NAME = ZERO_CHECK;
                            SECTORDER_FLAGS = "";
                            SYMROOT = /Users/security/osxminecraft/src/lua;
                            USE_HEADERMAP = NO;
                            WARNING_CFLAGS = ("-Wmost", "-Wno-four-char-constants", "-Wno-unknown-pragmas", );
                     };
                     name = Release;
              };
              9533D16CA3B241C8B4FD5420 /* MinSizeRel */ = {
                     isa = XCBuildConfiguration;
                     buildSettings = {
                            ARCHS = i386;
                            GCC_GENERATE_DEBUGGING_SYMBOLS = NO;
                            GCC_INLINES_ARE_PRIVATE_EXTERN = NO;
                            GCC_OPTIMIZATION_LEVEL = 0;
                            GCC_PREPROCESSOR_DEFINITIONS = ("'CMAKE_INTDIR=\"$(CONFIGURATION)$(EFFECTIVE_PLATFORM_NAME)\"'", USE_CMAKE_CONFIG_H, );
                            GCC_SYMBOLS_PRIVATE_EXTERN = NO;
                            INSTALL_PATH = "";
                            ONLY_ACTIVE_ARCH = NO;
                            OTHER_CFLAGS = "  ";
                            OTHER_LDFLAGS = "";
                            OTHER_REZFLAGS = "";
                            PREBINDING = NO;
                            PRODUCT_NAME = ZERO_CHECK;
                            SECTORDER_FLAGS = "";
                            SYMROOT = /Users/security/osxminecraft/src/lua;
                            USE_HEADERMAP = NO;
                            WARNING_CFLAGS = ("-Wmost", "-Wno-four-char-constants", "-Wno-unknown-pragmas", );
                     };
                     name = MinSizeRel;
              };
              8EEA93FA0498478786EE3F41 /* RelWithDebInfo */ = {
                     isa = XCBuildConfiguration;
                     buildSettings = {
                            ARCHS = i386;
                            GCC_GENERATE_DEBUGGING_SYMBOLS = NO;
                            GCC_INLINES_ARE_PRIVATE_EXTERN = NO;
                            GCC_OPTIMIZATION_LEVEL = 0;
                            GCC_PREPROCESSOR_DEFINITIONS = ("'CMAKE_INTDIR=\"$(CONFIGURATION)$(EFFECTIVE_PLATFORM_NAME)\"'", USE_CMAKE_CONFIG_H, );
                            GCC_SYMBOLS_PRIVATE_EXTERN = NO;
                            INSTALL_PATH = "";
                            ONLY_ACTIVE_ARCH = NO;
                            OTHER_CFLAGS = "  ";
                            OTHER_LDFLAGS = "";
                            OTHER_REZFLAGS = "";
                            PREBINDING = NO;
                            PRODUCT_NAME = ZERO_CHECK;
                            SECTORDER_FLAGS = "";
                            SYMROOT = /Users/security/osxminecraft/src/lua;
                            USE_HEADERMAP = NO;
                            WARNING_CFLAGS = ("-Wmost", "-Wno-four-char-constants", "-Wno-unknown-pragmas", );
                     };
                     name = RelWithDebInfo;
              };
              82855F8501AC41399E67964F /* Debug */ = {
                     isa = XCBuildConfiguration;
                     buildSettings = {
                            ARCHS = i386;
                            GCC_GENERATE_DEBUGGING_SYMBOLS = NO;
                            GCC_INLINES_ARE_PRIVATE_EXTERN = NO;
                            GCC_OPTIMIZATION_LEVEL = 0;
                            GCC_PREPROCESSOR_DEFINITIONS = ("'CMAKE_INTDIR=\"$(CONFIGURATION)$(EFFECTIVE_PLATFORM_NAME)\"'", USE_CMAKE_CONFIG_H, );
                            GCC_SYMBOLS_PRIVATE_EXTERN = NO;
                            INSTALL_PATH = "";
                            ONLY_ACTIVE_ARCH = NO;
                            OTHER_CFLAGS = "  ";
                            OTHER_LDFLAGS = "";
                            OTHER_REZFLAGS = "";
                            PREBINDING = NO;
                            PRODUCT_NAME = install;
                            SECTORDER_FLAGS = "";
                            SYMROOT = /Users/security/osxminecraft/src/lua;
                            USE_HEADERMAP = NO;
                            WARNING_CFLAGS = ("-Wmost", "-Wno-four-char-constants", "-Wno-unknown-pragmas", );
                     };
                     name = Debug;
              };
              306752D559924DCFAC3686C8 /* Release */ = {
                     isa = XCBuildConfiguration;
                     buildSettings = {
                            ARCHS = i386;
                            GCC_GENERATE_DEBUGGING_SYMBOLS = NO;
                            GCC_INLINES_ARE_PRIVATE_EXTERN = NO;
                            GCC_OPTIMIZATION_LEVEL = 0;
                            GCC_PREPROCESSOR_DEFINITIONS = ("'CMAKE_INTDIR=\"$(CONFIGURATION)$(EFFECTIVE_PLATFORM_NAME)\"'", USE_CMAKE_CONFIG_H, );
                            GCC_SYMBOLS_PRIVATE_EXTERN = NO;
                            INSTALL_PATH = "";
                            ONLY_ACTIVE_ARCH = NO;
                            OTHER_CFLAGS = "  ";
                            OTHER_LDFLAGS = "";
                            OTHER_REZFLAGS = "";
                            PREBINDING = NO;
                            PRODUCT_NAME = install;
                            SECTORDER_FLAGS = "";
                            SYMROOT = /Users/security/osxminecraft/src/lua;
                            USE_HEADERMAP = NO;
                            WARNING_CFLAGS = ("-Wmost", "-Wno-four-char-constants", "-Wno-unknown-pragmas", );
                     };
                     name = Release;
              };
              77089C03A74F4065B89140FE /* MinSizeRel */ = {
                     isa = XCBuildConfiguration;
                     buildSettings = {
                            ARCHS = i386;
                            GCC_GENERATE_DEBUGGING_SYMBOLS = NO;
                            GCC_INLINES_ARE_PRIVATE_EXTERN = NO;
                            GCC_OPTIMIZATION_LEVEL = 0;
                            GCC_PREPROCESSOR_DEFINITIONS = ("'CMAKE_INTDIR=\"$(CONFIGURATION)$(EFFECTIVE_PLATFORM_NAME)\"'", USE_CMAKE_CONFIG_H, );
                            GCC_SYMBOLS_PRIVATE_EXTERN = NO;
                            INSTALL_PATH = "";
                            ONLY_ACTIVE_ARCH = NO;
                            OTHER_CFLAGS = "  ";
                            OTHER_LDFLAGS = "";
                            OTHER_REZFLAGS = "";
                            PREBINDING = NO;
                            PRODUCT_NAME = install;
                            SECTORDER_FLAGS = "";
                            SYMROOT = /Users/security/osxminecraft/src/lua;
                            USE_HEADERMAP = NO;
                            WARNING_CFLAGS = ("-Wmost", "-Wno-four-char-constants", "-Wno-unknown-pragmas", );
                     };
                     name = MinSizeRel;
              };
              10B0F5A27D834753A5215CB6 /* RelWithDebInfo */ = {
                     isa = XCBuildConfiguration;
                     buildSettings = {
                            ARCHS = i386;
                            GCC_GENERATE_DEBUGGING_SYMBOLS = NO;
                            GCC_INLINES_ARE_PRIVATE_EXTERN = NO;
                            GCC_OPTIMIZATION_LEVEL = 0;
                            GCC_PREPROCESSOR_DEFINITIONS = ("'CMAKE_INTDIR=\"$(CONFIGURATION)$(EFFECTIVE_PLATFORM_NAME)\"'", USE_CMAKE_CONFIG_H, );
                            GCC_SYMBOLS_PRIVATE_EXTERN = NO;
                            INSTALL_PATH = "";
                            ONLY_ACTIVE_ARCH = NO;
                            OTHER_CFLAGS = "  ";
                            OTHER_LDFLAGS = "";
                            OTHER_REZFLAGS = "";
                            PREBINDING = NO;
                            PRODUCT_NAME = install;
                            SECTORDER_FLAGS = "";
                            SYMROOT = /Users/security/osxminecraft/src/lua;
                            USE_HEADERMAP = NO;
                            WARNING_CFLAGS = ("-Wmost", "-Wno-four-char-constants", "-Wno-unknown-pragmas", );
                     };
                     name = RelWithDebInfo;
              };
              352E761462C54481944F9F2E /* Debug */ = {
                     isa = XCBuildConfiguration;
                     buildSettings = {
                            ARCHS = i386;
                            GCC_GENERATE_DEBUGGING_SYMBOLS = NO;
                            GCC_INLINES_ARE_PRIVATE_EXTERN = NO;
                            GCC_OPTIMIZATION_LEVEL = 0;
                            GCC_PREPROCESSOR_DEFINITIONS = ("'CMAKE_INTDIR=\"$(CONFIGURATION)$(EFFECTIVE_PLATFORM_NAME)\"'", USE_CMAKE_CONFIG_H, );
                            GCC_SYMBOLS_PRIVATE_EXTERN = NO;
                            INSTALL_PATH = "";
                            ONLY_ACTIVE_ARCH = NO;
                            OTHER_CFLAGS = "  ";
                            OTHER_LDFLAGS = "";
                            OTHER_REZFLAGS = "";
                            PREBINDING = NO;
                            PRODUCT_NAME = package;
                            SECTORDER_FLAGS = "";
                            SYMROOT = /Users/security/osxminecraft/src/lua;
                            USE_HEADERMAP = NO;
                            WARNING_CFLAGS = ("-Wmost", "-Wno-four-char-constants", "-Wno-unknown-pragmas", );
                     };
                     name = Debug;
              };
              F511524D47D9416F99D0D9AC /* Release */ = {
                     isa = XCBuildConfiguration;
                     buildSettings = {
                            ARCHS = i386;
                            GCC_GENERATE_DEBUGGING_SYMBOLS = NO;
                            GCC_INLINES_ARE_PRIVATE_EXTERN = NO;
                            GCC_OPTIMIZATION_LEVEL = 0;
                            GCC_PREPROCESSOR_DEFINITIONS = ("'CMAKE_INTDIR=\"$(CONFIGURATION)$(EFFECTIVE_PLATFORM_NAME)\"'", USE_CMAKE_CONFIG_H, );
                            GCC_SYMBOLS_PRIVATE_EXTERN = NO;
                            INSTALL_PATH = "";
                            ONLY_ACTIVE_ARCH = NO;
                            OTHER_CFLAGS = "  ";
                            OTHER_LDFLAGS = "";
                            OTHER_REZFLAGS = "";
                            PREBINDING = NO;
                            PRODUCT_NAME = package;
                            SECTORDER_FLAGS = "";
                            SYMROOT = /Users/security/osxminecraft/src/lua;
                            USE_HEADERMAP = NO;
                            WARNING_CFLAGS = ("-Wmost", "-Wno-four-char-constants", "-Wno-unknown-pragmas", );
                     };
                     name = Release;
              };
              088F6D8CA2E84A909A200141 /* MinSizeRel */ = {
                     isa = XCBuildConfiguration;
                     buildSettings = {
                            ARCHS = i386;
                            GCC_GENERATE_DEBUGGING_SYMBOLS = NO;
                            GCC_INLINES_ARE_PRIVATE_EXTERN = NO;
                            GCC_OPTIMIZATION_LEVEL = 0;
                            GCC_PREPROCESSOR_DEFINITIONS = ("'CMAKE_INTDIR=\"$(CONFIGURATION)$(EFFECTIVE_PLATFORM_NAME)\"'", USE_CMAKE_CONFIG_H, );
                            GCC_SYMBOLS_PRIVATE_EXTERN = NO;
                            INSTALL_PATH = "";
                            ONLY_ACTIVE_ARCH = NO;
                            OTHER_CFLAGS = "  ";
                            OTHER_LDFLAGS = "";
                            OTHER_REZFLAGS = "";
                            PREBINDING = NO;
                            PRODUCT_NAME = package;
                            SECTORDER_FLAGS = "";
                            SYMROOT = /Users/security/osxminecraft/src/lua;
                            USE_HEADERMAP = NO;
                            WARNING_CFLAGS = ("-Wmost", "-Wno-four-char-constants", "-Wno-unknown-pragmas", );
                     };
                     name = MinSizeRel;
              };
              382A3DEBDA7E413EA324633B /* RelWithDebInfo */ = {
                     isa = XCBuildConfiguration;
                     buildSettings = {
                            ARCHS = i386;
                            GCC_GENERATE_DEBUGGING_SYMBOLS = NO;
                            GCC_INLINES_ARE_PRIVATE_EXTERN = NO;
                            GCC_OPTIMIZATION_LEVEL = 0;
                            GCC_PREPROCESSOR_DEFINITIONS = ("'CMAKE_INTDIR=\"$(CONFIGURATION)$(EFFECTIVE_PLATFORM_NAME)\"'", USE_CMAKE_CONFIG_H, );
                            GCC_SYMBOLS_PRIVATE_EXTERN = NO;
                            INSTALL_PATH = "";
                            ONLY_ACTIVE_ARCH = NO;
                            OTHER_CFLAGS = "  ";
                            OTHER_LDFLAGS = "";
                            OTHER_REZFLAGS = "";
                            PREBINDING = NO;
                            PRODUCT_NAME = package;
                            SECTORDER_FLAGS = "";
                            SYMROOT = /Users/security/osxminecraft/src/lua;
                            USE_HEADERMAP = NO;
                            WARNING_CFLAGS = ("-Wmost", "-Wno-four-char-constants", "-Wno-unknown-pragmas", );
                     };
                     name = RelWithDebInfo;
              };
              A1C25F92EF2B43E3B7B49E23 /* Debug */ = {
                     isa = XCBuildConfiguration;
                     buildSettings = {
                            ARCHS = i386;
                            EXECUTABLE_PREFIX = lib;
                            EXECUTABLE_SUFFIX = ".a";
                            GCC_GENERATE_DEBUGGING_SYMBOLS = YES;
                            GCC_INLINES_ARE_PRIVATE_EXTERN = NO;
                            GCC_OPTIMIZATION_LEVEL = 0;
                            GCC_PREPROCESSOR_DEFINITIONS = ("'CMAKE_INTDIR=\"$(CONFIGURATION)$(EFFECTIVE_PLATFORM_NAME)\"'", USE_CMAKE_CONFIG_H, );
                            GCC_SYMBOLS_PRIVATE_EXTERN = NO;
                            HEADER_SEARCH_PATHS = (/Users/security/osxminecraft/src/lua/src, /Users/security/osxminecraft/src/lua/build, );
                            INSTALL_PATH = "";
                            LIBRARY_STYLE = STATIC;
                            ONLY_ACTIVE_ARCH = NO;
                            OTHER_CFLAGS = "  -DLUA_USE_DLOPEN -pipe -Wall -Wextra -Wshadow -W -pedantic -std=gnu99                  ";
                            OTHER_LDFLAGS = "";
                            OTHER_REZFLAGS = "";
                            PREBINDING = NO;
                            PRODUCT_NAME = lua;
                            SECTORDER_FLAGS = "";
                            SYMROOT = /Users/security/osxminecraft/src/lua/build;
                            USE_HEADERMAP = NO;
                            WARNING_CFLAGS = ("-Wmost", "-Wno-four-char-constants", "-Wno-unknown-pragmas", );
                     };
                     name = Debug;
              };
              395DE7E0496D4892835BF08D /* Release */ = {
                     isa = XCBuildConfiguration;
                     buildSettings = {
                            ARCHS = i386;
                            EXECUTABLE_PREFIX = lib;
                            EXECUTABLE_SUFFIX = ".a";
                            GCC_GENERATE_DEBUGGING_SYMBOLS = NO;
                            GCC_INLINES_ARE_PRIVATE_EXTERN = NO;
                            GCC_OPTIMIZATION_LEVEL = 2;
                            GCC_PREPROCESSOR_DEFINITIONS = ("'CMAKE_INTDIR=\"$(CONFIGURATION)$(EFFECTIVE_PLATFORM_NAME)\"'", USE_CMAKE_CONFIG_H, );
                            GCC_SYMBOLS_PRIVATE_EXTERN = NO;
                            HEADER_SEARCH_PATHS = (/Users/security/osxminecraft/src/lua/src, /Users/security/osxminecraft/src/lua/build, );
                            INSTALL_PATH = "";
                            LIBRARY_STYLE = STATIC;
                            ONLY_ACTIVE_ARCH = NO;
                            OTHER_CFLAGS = "  -DLUA_USE_DLOPEN -pipe -Wall -Wextra -Wshadow -W -pedantic -std=gnu99     -DNDEBUG          ";
                            OTHER_LDFLAGS = "";
                            OTHER_REZFLAGS = "";
                            PREBINDING = NO;
                            PRODUCT_NAME = lua;
                            SECTORDER_FLAGS = "";
                            SYMROOT = /Users/security/osxminecraft/src/lua/build;
                            USE_HEADERMAP = NO;
                            WARNING_CFLAGS = ("-Wmost", "-Wno-four-char-constants", "-Wno-unknown-pragmas", );
                     };
                     name = Release;
              };
              3A21FDD534E340EF81963B9B /* MinSizeRel */ = {
                     isa = XCBuildConfiguration;
                     buildSettings = {
                            ARCHS = i386;
                            EXECUTABLE_PREFIX = lib;
                            EXECUTABLE_SUFFIX = ".a";
                            GCC_GENERATE_DEBUGGING_SYMBOLS = NO;
                            GCC_INLINES_ARE_PRIVATE_EXTERN = NO;
                            GCC_OPTIMIZATION_LEVEL = s;
                            GCC_PREPROCESSOR_DEFINITIONS = ("'CMAKE_INTDIR=\"$(CONFIGURATION)$(EFFECTIVE_PLATFORM_NAME)\"'", USE_CMAKE_CONFIG_H, );
                            GCC_SYMBOLS_PRIVATE_EXTERN = NO;
                            HEADER_SEARCH_PATHS = (/Users/security/osxminecraft/src/lua/src, /Users/security/osxminecraft/src/lua/build, );
                            INSTALL_PATH = "";
                            LIBRARY_STYLE = STATIC;
                            ONLY_ACTIVE_ARCH = NO;
                            OTHER_CFLAGS = "  -DLUA_USE_DLOPEN -pipe -Wall -Wextra -Wshadow -W -pedantic -std=gnu99     -DNDEBUG  ";
                            OTHER_LDFLAGS = "";
                            OTHER_REZFLAGS = "";
                            PREBINDING = NO;
                            PRODUCT_NAME = lua;
                            SECTORDER_FLAGS = "";
                            SYMROOT = /Users/security/osxminecraft/src/lua/build;
                            USE_HEADERMAP = NO;
                            WARNING_CFLAGS = ("-Wmost", "-Wno-four-char-constants", "-Wno-unknown-pragmas", );
                     };
                     name = MinSizeRel;
              };
              11750BD2755743CFBEBFCF3A /* RelWithDebInfo */ = {
                     isa = XCBuildConfiguration;
                     buildSettings = {
                            ARCHS = i386;
                            EXECUTABLE_PREFIX = lib;
                            EXECUTABLE_SUFFIX = ".a";
                            GCC_GENERATE_DEBUGGING_SYMBOLS = YES;
                            GCC_INLINES_ARE_PRIVATE_EXTERN = NO;
                            GCC_OPTIMIZATION_LEVEL = 2;
                            GCC_PREPROCESSOR_DEFINITIONS = ("'CMAKE_INTDIR=\"$(CONFIGURATION)$(EFFECTIVE_PLATFORM_NAME)\"'", USE_CMAKE_CONFIG_H, );
                            GCC_SYMBOLS_PRIVATE_EXTERN = NO;
                            HEADER_SEARCH_PATHS = (/Users/security/osxminecraft/src/lua/src, /Users/security/osxminecraft/src/lua/build, );
                            INSTALL_PATH = "";
                            LIBRARY_STYLE = STATIC;
                            ONLY_ACTIVE_ARCH = NO;
                            OTHER_CFLAGS = "  -DLUA_USE_DLOPEN -pipe -Wall -Wextra -Wshadow -W -pedantic -std=gnu99          ";
                            OTHER_LDFLAGS = "";
                            OTHER_REZFLAGS = "";
                            PREBINDING = NO;
                            PRODUCT_NAME = lua;
                            SECTORDER_FLAGS = "";
                            SYMROOT = /Users/security/osxminecraft/src/lua/build;
                            USE_HEADERMAP = NO;
                            WARNING_CFLAGS = ("-Wmost", "-Wno-four-char-constants", "-Wno-unknown-pragmas", );
                     };
                     name = RelWithDebInfo;
              };
/* End XCBuildConfiguration section */

/* Begin XCConfigurationList section */
              AD6155E3AAE04D2FB12ECF2B /* Build configuration list for PBXProject  "lua" */ = {
                     isa = XCConfigurationList;
                     buildConfigurations = (
                            A10AD071D0AC46B4A879C175 /* Debug */,
                            B49719D7F7D7431CBFB17C13 /* Release */,
                            3DC91F03830D442685D3B8C1 /* MinSizeRel */,
                            8F65F0213FC74C8CBE914719 /* RelWithDebInfo */,
                     );
                     defaultConfigurationIsVisible = 0;
                     defaultConfigurationName = Debug;
              };
              11BFEB49A1FE47D883332D82 /* Build configuration list for PBXAggregateTarget "ALL_BUILD" */ = {
                     isa = XCConfigurationList;
                     buildConfigurations = (
                            58A6F8191A974400A952F025 /* Debug */,
                            5E299F13913946C4B7F5A2AE /* Release */,
                            1D2DCA87C9004A3B82527B2F /* MinSizeRel */,
                            EDFBD7AD49034E59A56E30BA /* RelWithDebInfo */,
                     );
                     defaultConfigurationIsVisible = 0;
                     defaultConfigurationName = Debug;
              };
              D32D96C69D774C7D8CC6682A /* Build configuration list for PBXAggregateTarget "ZERO_CHECK" */ = {
                     isa = XCConfigurationList;
                     buildConfigurations = (
                            05D47D1FAF1546EBAE20CB9A /* Debug */,
                            6FE991480ED446A598260CD2 /* Release */,
                            9533D16CA3B241C8B4FD5420 /* MinSizeRel */,
                            8EEA93FA0498478786EE3F41 /* RelWithDebInfo */,
                     );
                     defaultConfigurationIsVisible = 0;
                     defaultConfigurationName = Debug;
              };
              9B298F7171D441ED960F4100 /* Build configuration list for PBXAggregateTarget "install" */ = {
                     isa = XCConfigurationList;
                     buildConfigurations = (
                            82855F8501AC41399E67964F /* Debug */,
                            306752D559924DCFAC3686C8 /* Release */,
                            77089C03A74F4065B89140FE /* MinSizeRel */,
                            10B0F5A27D834753A5215CB6 /* RelWithDebInfo */,
                     );
                     defaultConfigurationIsVisible = 0;
                     defaultConfigurationName = Debug;
              };
              F95B9FDFFE13412BBA9D920A /* Build configuration list for PBXAggregateTarget "package" */ = {
                     isa = XCConfigurationList;
                     buildConfigurations = (
                            352E761462C54481944F9F2E /* Debug */,
                            F511524D47D9416F99D0D9AC /* Release */,
                            088F6D8CA2E84A909A200141 /* MinSizeRel */,
                            382A3DEBDA7E413EA324633B /* RelWithDebInfo */,
                     );
                     defaultConfigurationIsVisible = 0;
                     defaultConfigurationName = Debug;
              };
              D4448A5FD55E408DA731F2E7 /* Build configuration list for PBXNativeTarget "lua" */ = {
                     isa = XCConfigurationList;
                     buildConfigurations = (
                            A1C25F92EF2B43E3B7B49E23 /* Debug */,
                            395DE7E0496D4892835BF08D /* Release */,
                            3A21FDD534E340EF81963B9B /* MinSizeRel */,
                            11750BD2755743CFBEBFCF3A /* RelWithDebInfo */,
                     );
                     defaultConfigurationIsVisible = 0;
                     defaultConfigurationName = Debug;
              };
/* End XCConfigurationList section */
       };
       rootObject = DECFC88BA1704AA6B525CB07;
}
